version = 1
revision = 3
requires-python = ">=3.12"

[[package]]
name = "annotated-types"
version = "0.7.0"
source = { registry = "https://pypi.org/simple" }
sdist = { url = "https://files.pythonhosted.org/packages/ee/67/531ea369ba64dcff5ec9c3402f9f51bf748cec26dde048a2f973a4eea7f5/annotated_types-0.7.0.tar.gz", hash = "sha256:aff07c09a53a08bc8cfccb9c85b05f1aa9a2a6f23728d790723543408344ce89", size = 16081, upload-time = "2024-05-20T21:33:25.928Z" }
wheels = [
    { url = "https://files.pythonhosted.org/packages/78/b6/6307fbef88d9b5ee7421e68d78a9f162e0da4900bc5f5793f6d3d0e34fb8/annotated_types-0.7.0-py3-none-any.whl", hash = "sha256:1f02e8b43a8fbbc3f3e0d4f0f4bfc8131bcb4eebe8849b8e5c773f3a1c582a53", size = 13643, upload-time = "2024-05-20T21:33:24.1Z" },
]

[[package]]
name = "certifi"
version = "2025.4.26"
source = { registry = "https://pypi.org/simple" }
sdist = { url = "https://files.pythonhosted.org/packages/e8/9e/c05b3920a3b7d20d3d3310465f50348e5b3694f4f88c6daf736eef3024c4/certifi-2025.4.26.tar.gz", hash = "sha256:0a816057ea3cdefcef70270d2c515e4506bbc954f417fa5ade2021213bb8f0c6", size = 160705, upload-time = "2025-04-26T02:12:29.51Z" }
wheels = [
    { url = "https://files.pythonhosted.org/packages/4a/7e/3db2bd1b1f9e95f7cddca6d6e75e2f2bd9f51b1246e546d88addca0106bd/certifi-2025.4.26-py3-none-any.whl", hash = "sha256:30350364dfe371162649852c63336a15c70c6510c2ad5015b21c2345311805f3", size = 159618, upload-time = "2025-04-26T02:12:27.662Z" },
]

[[package]]
name = "charset-normalizer"
version = "3.4.2"
source = { registry = "https://pypi.org/simple" }
sdist = { url = "https://files.pythonhosted.org/packages/e4/33/89c2ced2b67d1c2a61c19c6751aa8902d46ce3dacb23600a283619f5a12d/charset_normalizer-3.4.2.tar.gz", hash = "sha256:5baececa9ecba31eff645232d59845c07aa030f0c81ee70184a90d35099a0e63", size = 126367, upload-time = "2025-05-02T08:34:42.01Z" }
wheels = [
    { url = "https://files.pythonhosted.org/packages/d7/a4/37f4d6035c89cac7930395a35cc0f1b872e652eaafb76a6075943754f095/charset_normalizer-3.4.2-cp312-cp312-macosx_10_13_universal2.whl", hash = "sha256:0c29de6a1a95f24b9a1aa7aefd27d2487263f00dfd55a77719b530788f75cff7", size = 199936, upload-time = "2025-05-02T08:32:33.712Z" },
    { url = "https://files.pythonhosted.org/packages/ee/8a/1a5e33b73e0d9287274f899d967907cd0bf9c343e651755d9307e0dbf2b3/charset_normalizer-3.4.2-cp312-cp312-manylinux_2_17_aarch64.manylinux2014_aarch64.whl", hash = "sha256:cddf7bd982eaa998934a91f69d182aec997c6c468898efe6679af88283b498d3", size = 143790, upload-time = "2025-05-02T08:32:35.768Z" },
    { url = "https://files.pythonhosted.org/packages/66/52/59521f1d8e6ab1482164fa21409c5ef44da3e9f653c13ba71becdd98dec3/charset_normalizer-3.4.2-cp312-cp312-manylinux_2_17_ppc64le.manylinux2014_ppc64le.whl", hash = "sha256:fcbe676a55d7445b22c10967bceaaf0ee69407fbe0ece4d032b6eb8d4565982a", size = 153924, upload-time = "2025-05-02T08:32:37.284Z" },
    { url = "https://files.pythonhosted.org/packages/86/2d/fb55fdf41964ec782febbf33cb64be480a6b8f16ded2dbe8db27a405c09f/charset_normalizer-3.4.2-cp312-cp312-manylinux_2_17_s390x.manylinux2014_s390x.whl", hash = "sha256:d41c4d287cfc69060fa91cae9683eacffad989f1a10811995fa309df656ec214", size = 146626, upload-time = "2025-05-02T08:32:38.803Z" },
    { url = "https://files.pythonhosted.org/packages/8c/73/6ede2ec59bce19b3edf4209d70004253ec5f4e319f9a2e3f2f15601ed5f7/charset_normalizer-3.4.2-cp312-cp312-manylinux_2_17_x86_64.manylinux2014_x86_64.whl", hash = "sha256:4e594135de17ab3866138f496755f302b72157d115086d100c3f19370839dd3a", size = 148567, upload-time = "2025-05-02T08:32:40.251Z" },
    { url = "https://files.pythonhosted.org/packages/09/14/957d03c6dc343c04904530b6bef4e5efae5ec7d7990a7cbb868e4595ee30/charset_normalizer-3.4.2-cp312-cp312-manylinux_2_5_i686.manylinux1_i686.manylinux_2_17_i686.manylinux2014_i686.whl", hash = "sha256:cf713fe9a71ef6fd5adf7a79670135081cd4431c2943864757f0fa3a65b1fafd", size = 150957, upload-time = "2025-05-02T08:32:41.705Z" },
    { url = "https://files.pythonhosted.org/packages/0d/c8/8174d0e5c10ccebdcb1b53cc959591c4c722a3ad92461a273e86b9f5a302/charset_normalizer-3.4.2-cp312-cp312-musllinux_1_2_aarch64.whl", hash = "sha256:a370b3e078e418187da8c3674eddb9d983ec09445c99a3a263c2011993522981", size = 145408, upload-time = "2025-05-02T08:32:43.709Z" },
    { url = "https://files.pythonhosted.org/packages/58/aa/8904b84bc8084ac19dc52feb4f5952c6df03ffb460a887b42615ee1382e8/charset_normalizer-3.4.2-cp312-cp312-musllinux_1_2_i686.whl", hash = "sha256:a955b438e62efdf7e0b7b52a64dc5c3396e2634baa62471768a64bc2adb73d5c", size = 153399, upload-time = "2025-05-02T08:32:46.197Z" },
    { url = "https://files.pythonhosted.org/packages/c2/26/89ee1f0e264d201cb65cf054aca6038c03b1a0c6b4ae998070392a3ce605/charset_normalizer-3.4.2-cp312-cp312-musllinux_1_2_ppc64le.whl", hash = "sha256:7222ffd5e4de8e57e03ce2cef95a4c43c98fcb72ad86909abdfc2c17d227fc1b", size = 156815, upload-time = "2025-05-02T08:32:48.105Z" },
    { url = "https://files.pythonhosted.org/packages/fd/07/68e95b4b345bad3dbbd3a8681737b4338ff2c9df29856a6d6d23ac4c73cb/charset_normalizer-3.4.2-cp312-cp312-musllinux_1_2_s390x.whl", hash = "sha256:bee093bf902e1d8fc0ac143c88902c3dfc8941f7ea1d6a8dd2bcb786d33db03d", size = 154537, upload-time = "2025-05-02T08:32:49.719Z" },
    { url = "https://files.pythonhosted.org/packages/77/1a/5eefc0ce04affb98af07bc05f3bac9094513c0e23b0562d64af46a06aae4/charset_normalizer-3.4.2-cp312-cp312-musllinux_1_2_x86_64.whl", hash = "sha256:dedb8adb91d11846ee08bec4c8236c8549ac721c245678282dcb06b221aab59f", size = 149565, upload-time = "2025-05-02T08:32:51.404Z" },
    { url = "https://files.pythonhosted.org/packages/37/a0/2410e5e6032a174c95e0806b1a6585eb21e12f445ebe239fac441995226a/charset_normalizer-3.4.2-cp312-cp312-win32.whl", hash = "sha256:db4c7bf0e07fc3b7d89ac2a5880a6a8062056801b83ff56d8464b70f65482b6c", size = 98357, upload-time = "2025-05-02T08:32:53.079Z" },
    { url = "https://files.pythonhosted.org/packages/6c/4f/c02d5c493967af3eda9c771ad4d2bbc8df6f99ddbeb37ceea6e8716a32bc/charset_normalizer-3.4.2-cp312-cp312-win_amd64.whl", hash = "sha256:5a9979887252a82fefd3d3ed2a8e3b937a7a809f65dcb1e068b090e165bbe99e", size = 105776, upload-time = "2025-05-02T08:32:54.573Z" },
    { url = "https://files.pythonhosted.org/packages/ea/12/a93df3366ed32db1d907d7593a94f1fe6293903e3e92967bebd6950ed12c/charset_normalizer-3.4.2-cp313-cp313-macosx_10_13_universal2.whl", hash = "sha256:926ca93accd5d36ccdabd803392ddc3e03e6d4cd1cf17deff3b989ab8e9dbcf0", size = 199622, upload-time = "2025-05-02T08:32:56.363Z" },
    { url = "https://files.pythonhosted.org/packages/04/93/bf204e6f344c39d9937d3c13c8cd5bbfc266472e51fc8c07cb7f64fcd2de/charset_normalizer-3.4.2-cp313-cp313-manylinux_2_17_aarch64.manylinux2014_aarch64.whl", hash = "sha256:eba9904b0f38a143592d9fc0e19e2df0fa2e41c3c3745554761c5f6447eedabf", size = 143435, upload-time = "2025-05-02T08:32:58.551Z" },
    { url = "https://files.pythonhosted.org/packages/22/2a/ea8a2095b0bafa6c5b5a55ffdc2f924455233ee7b91c69b7edfcc9e02284/charset_normalizer-3.4.2-cp313-cp313-manylinux_2_17_ppc64le.manylinux2014_ppc64le.whl", hash = "sha256:3fddb7e2c84ac87ac3a947cb4e66d143ca5863ef48e4a5ecb83bd48619e4634e", size = 153653, upload-time = "2025-05-02T08:33:00.342Z" },
    { url = "https://files.pythonhosted.org/packages/b6/57/1b090ff183d13cef485dfbe272e2fe57622a76694061353c59da52c9a659/charset_normalizer-3.4.2-cp313-cp313-manylinux_2_17_s390x.manylinux2014_s390x.whl", hash = "sha256:98f862da73774290f251b9df8d11161b6cf25b599a66baf087c1ffe340e9bfd1", size = 146231, upload-time = "2025-05-02T08:33:02.081Z" },
    { url = "https://files.pythonhosted.org/packages/e2/28/ffc026b26f441fc67bd21ab7f03b313ab3fe46714a14b516f931abe1a2d8/charset_normalizer-3.4.2-cp313-cp313-manylinux_2_17_x86_64.manylinux2014_x86_64.whl", hash = "sha256:6c9379d65defcab82d07b2a9dfbfc2e95bc8fe0ebb1b176a3190230a3ef0e07c", size = 148243, upload-time = "2025-05-02T08:33:04.063Z" },
    { url = "https://files.pythonhosted.org/packages/c0/0f/9abe9bd191629c33e69e47c6ef45ef99773320e9ad8e9cb08b8ab4a8d4cb/charset_normalizer-3.4.2-cp313-cp313-manylinux_2_5_i686.manylinux1_i686.manylinux_2_17_i686.manylinux2014_i686.whl", hash = "sha256:e635b87f01ebc977342e2697d05b56632f5f879a4f15955dfe8cef2448b51691", size = 150442, upload-time = "2025-05-02T08:33:06.418Z" },
    { url = "https://files.pythonhosted.org/packages/67/7c/a123bbcedca91d5916c056407f89a7f5e8fdfce12ba825d7d6b9954a1a3c/charset_normalizer-3.4.2-cp313-cp313-musllinux_1_2_aarch64.whl", hash = "sha256:1c95a1e2902a8b722868587c0e1184ad5c55631de5afc0eb96bc4b0d738092c0", size = 145147, upload-time = "2025-05-02T08:33:08.183Z" },
    { url = "https://files.pythonhosted.org/packages/ec/fe/1ac556fa4899d967b83e9893788e86b6af4d83e4726511eaaad035e36595/charset_normalizer-3.4.2-cp313-cp313-musllinux_1_2_i686.whl", hash = "sha256:ef8de666d6179b009dce7bcb2ad4c4a779f113f12caf8dc77f0162c29d20490b", size = 153057, upload-time = "2025-05-02T08:33:09.986Z" },
    { url = "https://files.pythonhosted.org/packages/2b/ff/acfc0b0a70b19e3e54febdd5301a98b72fa07635e56f24f60502e954c461/charset_normalizer-3.4.2-cp313-cp313-musllinux_1_2_ppc64le.whl", hash = "sha256:32fc0341d72e0f73f80acb0a2c94216bd704f4f0bce10aedea38f30502b271ff", size = 156454, upload-time = "2025-05-02T08:33:11.814Z" },
    { url = "https://files.pythonhosted.org/packages/92/08/95b458ce9c740d0645feb0e96cea1f5ec946ea9c580a94adfe0b617f3573/charset_normalizer-3.4.2-cp313-cp313-musllinux_1_2_s390x.whl", hash = "sha256:289200a18fa698949d2b39c671c2cc7a24d44096784e76614899a7ccf2574b7b", size = 154174, upload-time = "2025-05-02T08:33:13.707Z" },
    { url = "https://files.pythonhosted.org/packages/78/be/8392efc43487ac051eee6c36d5fbd63032d78f7728cb37aebcc98191f1ff/charset_normalizer-3.4.2-cp313-cp313-musllinux_1_2_x86_64.whl", hash = "sha256:4a476b06fbcf359ad25d34a057b7219281286ae2477cc5ff5e3f70a246971148", size = 149166, upload-time = "2025-05-02T08:33:15.458Z" },
    { url = "https://files.pythonhosted.org/packages/44/96/392abd49b094d30b91d9fbda6a69519e95802250b777841cf3bda8fe136c/charset_normalizer-3.4.2-cp313-cp313-win32.whl", hash = "sha256:aaeeb6a479c7667fbe1099af9617c83aaca22182d6cf8c53966491a0f1b7ffb7", size = 98064, upload-time = "2025-05-02T08:33:17.06Z" },
    { url = "https://files.pythonhosted.org/packages/e9/b0/0200da600134e001d91851ddc797809e2fe0ea72de90e09bec5a2fbdaccb/charset_normalizer-3.4.2-cp313-cp313-win_amd64.whl", hash = "sha256:aa6af9e7d59f9c12b33ae4e9450619cf2488e2bbe9b44030905877f0b2324980", size = 105641, upload-time = "2025-05-02T08:33:18.753Z" },
    { url = "https://files.pythonhosted.org/packages/20/94/c5790835a017658cbfabd07f3bfb549140c3ac458cfc196323996b10095a/charset_normalizer-3.4.2-py3-none-any.whl", hash = "sha256:7f56930ab0abd1c45cd15be65cc741c28b1c9a34876ce8c17a2fa107810c0af0", size = 52626, upload-time = "2025-05-02T08:34:40.053Z" },
]

[[package]]
name = "colorama"
version = "0.4.6"
source = { registry = "https://pypi.org/simple" }
sdist = { url = "https://files.pythonhosted.org/packages/d8/53/6f443c9a4a8358a93a6792e2acffb9d9d5cb0a5cfd8802644b7b1c9a02e4/colorama-0.4.6.tar.gz", hash = "sha256:08695f5cb7ed6e0531a20572697297273c47b8cae5a63ffc6d6ed5c201be6e44", size = 27697, upload-time = "2022-10-25T02:36:22.414Z" }
wheels = [
    { url = "https://files.pythonhosted.org/packages/d1/d6/3965ed04c63042e047cb6a3e6ed1a63a35087b6a609aa3a15ed8ac56c221/colorama-0.4.6-py2.py3-none-any.whl", hash = "sha256:4f1d9991f5acc0ca119f9d443620b77f9d6b33703e51011c16baf57afb285fc6", size = 25335, upload-time = "2022-10-25T02:36:20.889Z" },
]

[[package]]
name = "feuersoftware"
version = "0.2.5"
source = { virtual = "." }
dependencies = [
    { name = "pydantic" },
    { name = "requests" },
]

[package.dev-dependencies]
dev = [
    { name = "logassert" },
    { name = "pytest" },
    { name = "requests-mock" },
    { name = "ruff" },
]

[package.metadata]
requires-dist = [
    { name = "pydantic", specifier = ">=2.9.2" },
    { name = "requests", specifier = ">=2.32.3" },
]

[package.metadata.requires-dev]
dev = [
    { name = "logassert", specifier = ">=7" },
    { name = "pytest", specifier = ">=8.3.3" },
    { name = "requests-mock", specifier = ">=1.12.1" },
    { name = "ruff", specifier = ">=0.7.2" },
]

[[package]]
name = "idna"
version = "3.10"
source = { registry = "https://pypi.org/simple" }
sdist = { url = "https://files.pythonhosted.org/packages/f1/70/7703c29685631f5a7590aa73f1f1d3fa9a380e654b86af429e0934a32f7d/idna-3.10.tar.gz", hash = "sha256:12f65c9b470abda6dc35cf8e63cc574b1c52b11df2c86030af0ac09b01b13ea9", size = 190490, upload-time = "2024-09-15T18:07:39.745Z" }
wheels = [
    { url = "https://files.pythonhosted.org/packages/76/c6/c88e154df9c4e1a2a66ccf0005a88dfb2650c1dffb6f5ce603dfbd452ce3/idna-3.10-py3-none-any.whl", hash = "sha256:946d195a0d259cbba61165e88e65941f16e9b36ea6ddb97f00452bae8b1287d3", size = 70442, upload-time = "2024-09-15T18:07:37.964Z" },
]

[[package]]
name = "iniconfig"
version = "2.1.0"
source = { registry = "https://pypi.org/simple" }
sdist = { url = "https://files.pythonhosted.org/packages/f2/97/ebf4da567aa6827c909642694d71c9fcf53e5b504f2d96afea02718862f3/iniconfig-2.1.0.tar.gz", hash = "sha256:3abbd2e30b36733fee78f9c7f7308f2d0050e88f0087fd25c2645f63c773e1c7", size = 4793, upload-time = "2025-03-19T20:09:59.721Z" }
wheels = [
    { url = "https://files.pythonhosted.org/packages/2c/e1/e6716421ea10d38022b952c159d5161ca1193197fb744506875fbb87ea7b/iniconfig-2.1.0-py3-none-any.whl", hash = "sha256:9deba5723312380e77435581c6bf4935c94cbfab9b1ed33ef8d238ea168eb760", size = 6050, upload-time = "2025-03-19T20:10:01.071Z" },
]

[[package]]
name = "logassert"
version = "8.6"
source = { registry = "https://pypi.org/simple" }
sdist = { url = "https://files.pythonhosted.org/packages/89/92/478b104834bfbb1cb69180882ada8f3a8853f5fa53d84c972338b2b6a60a/logassert-8.6.tar.gz", hash = "sha256:6fcbef322a1b8d2496042c394e1f3eb31826bb53d5c1a92252849c74ed1d6d9b", size = 22070, upload-time = "2025-08-14T17:12:52.243Z" }
wheels = [
    { url = "https://files.pythonhosted.org/packages/44/c6/2f1c303a0995d89e8e95c297e84656d2fd8af84ed40551a2c93542dffc82/logassert-8.6-py3-none-any.whl", hash = "sha256:b3d276fe4995edeccce5457b249ecd60b393dd072d42fdc955d90da532c4e854", size = 18621, upload-time = "2025-08-14T17:12:50.703Z" },
]

[[package]]
name = "packaging"
version = "25.0"
source = { registry = "https://pypi.org/simple" }
sdist = { url = "https://files.pythonhosted.org/packages/a1/d4/1fc4078c65507b51b96ca8f8c3ba19e6a61c8253c72794544580a7b6c24d/packaging-25.0.tar.gz", hash = "sha256:d443872c98d677bf60f6a1f2f8c1cb748e8fe762d2bf9d3148b5599295b0fc4f", size = 165727, upload-time = "2025-04-19T11:48:59.673Z" }
wheels = [
    { url = "https://files.pythonhosted.org/packages/20/12/38679034af332785aac8774540895e234f4d07f7545804097de4b666afd8/packaging-25.0-py3-none-any.whl", hash = "sha256:29572ef2b1f17581046b3a2227d5c611fb25ec70ca1ba8554b24b0e69331a484", size = 66469, upload-time = "2025-04-19T11:48:57.875Z" },
]

[[package]]
name = "pluggy"
version = "1.6.0"
source = { registry = "https://pypi.org/simple" }
sdist = { url = "https://files.pythonhosted.org/packages/f9/e2/3e91f31a7d2b083fe6ef3fa267035b518369d9511ffab804f839851d2779/pluggy-1.6.0.tar.gz", hash = "sha256:7dcc130b76258d33b90f61b658791dede3486c3e6bfb003ee5c9bfb396dd22f3", size = 69412, upload-time = "2025-05-15T12:30:07.975Z" }
wheels = [
    { url = "https://files.pythonhosted.org/packages/54/20/4d324d65cc6d9205fabedc306948156824eb9f0ee1633355a8f7ec5c66bf/pluggy-1.6.0-py3-none-any.whl", hash = "sha256:e920276dd6813095e9377c0bc5566d94c932c33b27a3e3945d8389c374dd4746", size = 20538, upload-time = "2025-05-15T12:30:06.134Z" },
]

[[package]]
name = "pydantic"
version = "2.13.0"
source = { registry = "https://pypi.org/simple" }
dependencies = [
    { name = "annotated-types" },
    { name = "pydantic-core" },
    { name = "typing-extensions" },
    { name = "typing-inspection" },
]
sdist = { url = "https://files.pythonhosted.org/packages/84/6b/69fd5c7194b21ebde0f8637e2a4ddc766ada29d472bfa6a5ca533d79549a/pydantic-2.13.0.tar.gz", hash = "sha256:b89b575b6e670ebf6e7448c01b41b244f471edd276cd0b6fe02e7e7aca320070", size = 843468, upload-time = "2026-04-13T10:51:35.571Z" }
wheels = [
    { url = "https://files.pythonhosted.org/packages/01/d7/c3a52c61f5b7be648e919005820fbac33028c6149994cd64453f49951c17/pydantic-2.13.0-py3-none-any.whl", hash = "sha256:ab0078b90da5f3e2fd2e71e3d9b457ddcb35d0350854fbda93b451e28d56baaf", size = 471872, upload-time = "2026-04-13T10:51:33.343Z" },
]

[[package]]
name = "pydantic-core"
version = "2.46.0"
source = { registry = "https://pypi.org/simple" }
dependencies = [
    { name = "typing-extensions" },
]
sdist = { url = "https://files.pythonhosted.org/packages/6f/0a/9414cddf82eda3976b14048cc0fa8f5b5d1aecb0b22e1dcd2dbfe0e139b1/pydantic_core-2.46.0.tar.gz", hash = "sha256:82d2498c96be47b47e903e1378d1d0f770097ec56ea953322f39936a7cf34977", size = 471441, upload-time = "2026-04-13T09:06:33.813Z" }
wheels = [
    { url = "https://files.pythonhosted.org/packages/a7/d2/206c72ad47071559142a35f71efc29eb16448a4a5ae9487230ab8e4e292b/pydantic_core-2.46.0-cp312-cp312-macosx_10_12_x86_64.whl", hash = "sha256:66ccedb02c934622612448489824955838a221b3a35875458970521ef17b2f9c", size = 2117060, upload-time = "2026-04-13T09:04:47.443Z" },
    { url = "https://files.pythonhosted.org/packages/17/2c/7a53b33f91c8b77e696b1a6aa3bed609bf9374bdc0f8dcda681bc7d922b8/pydantic_core-2.46.0-cp312-cp312-macosx_11_0_arm64.whl", hash = "sha256:a44f27f4d2788ef9876ec47a43739b118c5904d74f418f53398f6ced3bbcacf2", size = 1951802, upload-time = "2026-04-13T09:05:34.591Z" },
    { url = "https://files.pythonhosted.org/packages/fc/20/90e548c1f6d38800ef11c915881525770ce270d8e5e887563ff046a08674/pydantic_core-2.46.0-cp312-cp312-manylinux_2_17_aarch64.manylinux2014_aarch64.whl", hash = "sha256:f26a1032bcce6ca4b4670eb3f7d8195bd0a8b8f255f1307823e217ca3cfa7c27", size = 1976621, upload-time = "2026-04-13T09:04:03.909Z" },
    { url = "https://files.pythonhosted.org/packages/20/3c/9c5810ca70b60c623488cdd80f7e9ee1a0812df81e97098b64788719860f/pydantic_core-2.46.0-cp312-cp312-manylinux_2_17_armv7l.manylinux2014_armv7l.whl", hash = "sha256:1b8d1412f725060527e56675904b17a2d421dddcf861eecf7c75b9dda47921a4", size = 2056721, upload-time = "2026-04-13T09:04:40.992Z" },
    { url = "https://files.pythonhosted.org/packages/1a/a3/d6e5f4cdec84278431c75540f90838c9d0a4dfe9402a8f3902073660ff28/pydantic_core-2.46.0-cp312-cp312-manylinux_2_17_ppc64le.manylinux2014_ppc64le.whl", hash = "sha256:dc3d1569edd859cabaa476cabce9eecd05049a7966af7b4a33b541bfd4ca1104", size = 2239634, upload-time = "2026-04-13T09:03:52.478Z" },
    { url = "https://files.pythonhosted.org/packages/46/42/ef58aacf330d8de6e309d62469aa1f80e945eaf665929b4037ac1bfcebc1/pydantic_core-2.46.0-cp312-cp312-manylinux_2_17_s390x.manylinux2014_s390x.whl", hash = "sha256:38108976f2d8afaa8f5067fd1390a8c9f5cc580175407cda636e76bc76e88054", size = 2315739, upload-time = "2026-04-13T09:05:04.971Z" },
    { url = "https://files.pythonhosted.org/packages/8b/86/c63b12fafa2d86a515bfd1840b39c23a49302f02b653161bf9c3a0566c50/pydantic_core-2.46.0-cp312-cp312-manylinux_2_17_x86_64.manylinux2014_x86_64.whl", hash = "sha256:3a5a06d8ed01dad5575056b5187e5959b336793c6047920a3441ee5b03533836", size = 2098169, upload-time = "2026-04-13T09:07:27.151Z" },
    { url = "https://files.pythonhosted.org/packages/76/19/b5b33a2f6be4755b21a20434293c4364be255f4c1a108f125d101d4cc4ee/pydantic_core-2.46.0-cp312-cp312-manylinux_2_31_riscv64.whl", hash = "sha256:04017ace142da9ce27cafd423a480872571b5c7e80382aec22f7d715ca8eb870", size = 2170830, upload-time = "2026-04-13T09:04:39.448Z" },
    { url = "https://files.pythonhosted.org/packages/99/ae/7559f99a29b7d440012ddb4da897359304988a881efaca912fd2f655652e/pydantic_core-2.46.0-cp312-cp312-manylinux_2_5_i686.manylinux1_i686.whl", hash = "sha256:2629ad992ed1b1c012e6067f5ffafd3336fcb9b54569449fabb85621f1444ed3", size = 2203901, upload-time = "2026-04-13T09:04:01.048Z" },
    { url = "https://files.pythonhosted.org/packages/dd/0e/b0ef945a39aeb4ac58da316813e1106b7fbdfbf20ac141c1c27904355ac5/pydantic_core-2.46.0-cp312-cp312-musllinux_1_1_aarch64.whl", hash = "sha256:3068b1e7bd986aebc88f6859f8353e72072538dcf92a7fb9cf511a0f61c5e729", size = 2191789, upload-time = "2026-04-13T09:06:39.915Z" },
    { url = "https://files.pythonhosted.org/packages/90/f4/830484e07188c1236b013995818888ab93bab8fd88aa9689b1d8fd22220d/pydantic_core-2.46.0-cp312-cp312-musllinux_1_1_armv7l.whl", hash = "sha256:1e366916ff69ff700aa9326601634e688581bc24c5b6b4f8738d809ec7d72611", size = 2344423, upload-time = "2026-04-13T09:05:12.252Z" },
    { url = "https://files.pythonhosted.org/packages/fd/ba/e455c18cbdc333177af754e740be4fe9d1de173d65bbe534daf88da02ac0/pydantic_core-2.46.0-cp312-cp312-musllinux_1_1_x86_64.whl", hash = "sha256:485a23e8f4618a1b8e23ac744180acde283fffe617f96923d25507d5cade62ec", size = 2384037, upload-time = "2026-04-13T09:06:24.503Z" },
    { url = "https://files.pythonhosted.org/packages/78/1f/b35d20d73144a41e78de0ae398e60fdd8bed91667daa1a5a92ab958551ba/pydantic_core-2.46.0-cp312-cp312-win32.whl", hash = "sha256:520940e1b702fe3b33525d0351777f25e9924f1818ca7956447dabacf2d339fd", size = 1967068, upload-time = "2026-04-13T09:05:23.374Z" },
    { url = "https://files.pythonhosted.org/packages/d1/84/4b6252e9606e8295647b848233cc4137ee0a04ebba8f0f9fb2977655b38c/pydantic_core-2.46.0-cp312-cp312-win_amd64.whl", hash = "sha256:90d2048e0339fa365e5a66aefe760ddd3b3d0a45501e088bc5bc7f4ed9ff9571", size = 2071008, upload-time = "2026-04-13T09:05:21.392Z" },
    { url = "https://files.pythonhosted.org/packages/39/95/d08eb508d4d5560ccbd226ee5971e5ef9b749aba9b413c0c4ed6e406d4f6/pydantic_core-2.46.0-cp312-cp312-win_arm64.whl", hash = "sha256:a70247649b7dffe36648e8f34be5ce8c5fa0a27ff07b071ea780c20a738c05ce", size = 2036634, upload-time = "2026-04-13T09:05:48.299Z" },
    { url = "https://files.pythonhosted.org/packages/df/05/ab3b0742bad1d51822f1af0c4232208408902bdcfc47601f3b812e09e6c2/pydantic_core-2.46.0-cp313-cp313-macosx_10_12_x86_64.whl", hash = "sha256:a05900c37264c070c683c650cbca8f83d7cbb549719e645fcd81a24592eac788", size = 2116814, upload-time = "2026-04-13T09:04:12.41Z" },
    { url = "https://files.pythonhosted.org/packages/98/08/30b43d9569d69094a0899a199711c43aa58fce6ce80f6a8f7693673eb995/pydantic_core-2.46.0-cp313-cp313-macosx_11_0_arm64.whl", hash = "sha256:8de8e482fd4f1e3f36c50c6aac46d044462615d8f12cfafc6bebeaa0909eea22", size = 1951867, upload-time = "2026-04-13T09:04:02.364Z" },
    { url = "https://files.pythonhosted.org/packages/db/a0/bf9a1ba34537c2ed3872a48195291138fdec8fe26c4009776f00d63cf0c8/pydantic_core-2.46.0-cp313-cp313-manylinux_2_17_aarch64.manylinux2014_aarch64.whl", hash = "sha256:c525ecf8a4cdf198327b65030a7d081867ad8e60acb01a7214fff95cf9832d47", size = 1977040, upload-time = "2026-04-13T09:06:16.088Z" },
    { url = "https://files.pythonhosted.org/packages/71/70/0ba03c20e1e118219fc18c5417b008b7e880f0e3fb38560ec4465984d471/pydantic_core-2.46.0-cp313-cp313-manylinux_2_17_armv7l.manylinux2014_armv7l.whl", hash = "sha256:f14581aeb12e61542ce73b9bfef2bca5439d65d9ab3efe1a4d8e346b61838f9b", size = 2055284, upload-time = "2026-04-13T09:05:25.125Z" },
    { url = "https://files.pythonhosted.org/packages/58/cf/1e320acefbde7fb7158a9e5def55e0adf9a4634636098ce28dc6b978e0d3/pydantic_core-2.46.0-cp313-cp313-manylinux_2_17_ppc64le.manylinux2014_ppc64le.whl", hash = "sha256:c108067f2f7e190d0dbd81247d789ec41f9ea50ccd9265a3a46710796ac60530", size = 2238896, upload-time = "2026-04-13T09:05:01.345Z" },
    { url = "https://files.pythonhosted.org/packages/df/f5/ea8ba209756abe9eba891bb0ef3772b4c59a894eb9ad86cd5bd0dd4e3e52/pydantic_core-2.46.0-cp313-cp313-manylinux_2_17_s390x.manylinux2014_s390x.whl", hash = "sha256:1ac10967e9a7bb1b96697374513f9a1a90a59e2fb41566b5e00ee45392beac59", size = 2314353, upload-time = "2026-04-13T09:06:07.942Z" },
    { url = "https://files.pythonhosted.org/packages/e8/f8/5885350203b72e96438eee7f94de0d8f0442f4627237ca8ef75de34db1cd/pydantic_core-2.46.0-cp313-cp313-manylinux_2_17_x86_64.manylinux2014_x86_64.whl", hash = "sha256:7897078fe8a13b73623c0955dfb2b3d2c9acb7177aac25144758c9e5a5265aaa", size = 2098522, upload-time = "2026-04-13T09:04:23.239Z" },
    { url = "https://files.pythonhosted.org/packages/bf/88/5930b0e828e371db5a556dd3189565417ddc3d8316bb001058168aadcf5f/pydantic_core-2.46.0-cp313-cp313-manylinux_2_31_riscv64.whl", hash = "sha256:e69ce405510a419a082a78faed65bb4249cfb51232293cc675645c12f7379bf7", size = 2168757, upload-time = "2026-04-13T09:07:12.46Z" },
    { url = "https://files.pythonhosted.org/packages/da/75/63d563d3035a0548e721c38b5b69fd5626fdd51da0f09ff4467503915b82/pydantic_core-2.46.0-cp313-cp313-manylinux_2_5_i686.manylinux1_i686.whl", hash = "sha256:fd28d13eea0d8cf351dc1fe274b5070cc8e1cca2644381dee5f99de629e77cf3", size = 2202518, upload-time = "2026-04-13T09:05:44.418Z" },
    { url = "https://files.pythonhosted.org/packages/a7/53/1958eacbfddc41aadf5ae86dd85041bf054b675f34a2fa76385935f96070/pydantic_core-2.46.0-cp313-cp313-musllinux_1_1_aarch64.whl", hash = "sha256:ee1547a6b8243e73dd10f585555e5a263395e55ce6dea618a078570a1e889aef", size = 2190148, upload-time = "2026-04-13T09:06:56.151Z" },
    { url = "https://files.pythonhosted.org/packages/c7/17/098cc6d3595e4623186f2bc6604a6195eb182e126702a90517236391e9ce/pydantic_core-2.46.0-cp313-cp313-musllinux_1_1_armv7l.whl", hash = "sha256:c3dc68dcf62db22a18ddfc3ad4960038f72b75908edc48ae014d7ac8b391d57a", size = 2342925, upload-time = "2026-04-13T09:04:17.286Z" },
    { url = "https://files.pythonhosted.org/packages/71/a7/abdb924620b1ac535c690b36ad5b8871f376104090f8842c08625cecf1d3/pydantic_core-2.46.0-cp313-cp313-musllinux_1_1_x86_64.whl", hash = "sha256:004a2081c881abfcc6854a4623da6a09090a0d7c1398a6ae7133ca1256cee70b", size = 2383167, upload-time = "2026-04-13T09:04:52.643Z" },
    { url = "https://files.pythonhosted.org/packages/d7/c9/2ddd10f50e4b7350d2574629a0f53d8d4eb6573f9c19a6b43e6b1487a31d/pydantic_core-2.46.0-cp313-cp313-win32.whl", hash = "sha256:59d24ec8d5eaabad93097525a69d0f00f2667cb353eb6cda578b1cfff203ceef", size = 1965660, upload-time = "2026-04-13T09:06:05.877Z" },
    { url = "https://files.pythonhosted.org/packages/b5/e7/1efc38ed6f2680c032bcefa0e3ebd496a8c77e92dfdb86b07d0f2fc632b1/pydantic_core-2.46.0-cp313-cp313-win_amd64.whl", hash = "sha256:71186dad5ac325c64d68fe0e654e15fd79802e7cc42bc6f0ff822d5ad8b1ab25", size = 2069563, upload-time = "2026-04-13T09:07:14.738Z" },
    { url = "https://files.pythonhosted.org/packages/c3/1e/a325b4989e742bf7e72ed35fa124bc611fd76539c9f8cd2a9a7854473533/pydantic_core-2.46.0-cp313-cp313-win_arm64.whl", hash = "sha256:8e4503f3213f723842c9a3b53955c88a9cfbd0b288cbd1c1ae933aebeec4a1b4", size = 2034966, upload-time = "2026-04-13T09:04:21.629Z" },
    { url = "https://files.pythonhosted.org/packages/36/3b/914891d384cdbf9a6f464eb13713baa22ea1e453d4da80fb7da522079370/pydantic_core-2.46.0-cp314-cp314-macosx_10_12_x86_64.whl", hash = "sha256:4fc801c290342350ffc82d77872054a934b2e24163727263362170c1db5416ca", size = 2113349, upload-time = "2026-04-13T09:04:59.407Z" },
    { url = "https://files.pythonhosted.org/packages/35/95/3a0c6f65e231709fb3463e32943c69d10285cb50203a2130a4732053a06d/pydantic_core-2.46.0-cp314-cp314-macosx_11_0_arm64.whl", hash = "sha256:0a36f2cc88170cc177930afcc633a8c15907ea68b59ac16bd180c2999d714940", size = 1949170, upload-time = "2026-04-13T09:06:09.935Z" },
    { url = "https://files.pythonhosted.org/packages/d1/63/d845c36a608469fe7bee226edeff0984c33dbfe7aecd755b0e7ab5a275c4/pydantic_core-2.46.0-cp314-cp314-manylinux_2_17_aarch64.manylinux2014_aarch64.whl", hash = "sha256:2a3912e0c568a1f99d4d6d3e41def40179d61424c0ca1c8c87c4877d7f6fd7fb", size = 1977914, upload-time = "2026-04-13T09:04:56.16Z" },
    { url = "https://files.pythonhosted.org/packages/08/6f/f2e7a7f85931fb31671f5378d1c7fc70606e4b36d59b1b48e1bd1ef5d916/pydantic_core-2.46.0-cp314-cp314-manylinux_2_17_armv7l.manylinux2014_armv7l.whl", hash = "sha256:3534c3415ed1a19ab23096b628916a827f7858ec8db49ad5d7d1e44dc13c0d7b", size = 2050538, upload-time = "2026-04-13T09:05:06.789Z" },
    { url = "https://files.pythonhosted.org/packages/8c/97/f4aa7181dd9a16dd9059a99fc48fdab0c2aab68307283a5c04cf56de68c4/pydantic_core-2.46.0-cp314-cp314-manylinux_2_17_ppc64le.manylinux2014_ppc64le.whl", hash = "sha256:21067396fc285609323a4db2f63a87570044abe0acddfcca8b135fc7948e3db7", size = 2236294, upload-time = "2026-04-13T09:07:03.2Z" },
    { url = "https://files.pythonhosted.org/packages/24/c1/6a5042fc32765c87101b500f394702890af04239c318b6002cfd627b710d/pydantic_core-2.46.0-cp314-cp314-manylinux_2_17_s390x.manylinux2014_s390x.whl", hash = "sha256:2afd85b7be186e2fe7cdbb09a3d964bcc2042f65bbcc64ad800b3c7915032655", size = 2312954, upload-time = "2026-04-13T09:06:11.919Z" },
    { url = "https://files.pythonhosted.org/packages/cb/e4/566101a561492ce8454f0844ca29c3b675a6b3a7b3ff577db85ed05c8c50/pydantic_core-2.46.0-cp314-cp314-manylinux_2_17_x86_64.manylinux2014_x86_64.whl", hash = "sha256:67e2c2e171b78db8154da602de72ffdc473c6ee51de8a9d80c0f1cd4051abfc7", size = 2102533, upload-time = "2026-04-13T09:06:58.664Z" },
    { url = "https://files.pythonhosted.org/packages/3e/ac/adc11ee1646a5c4dd9abb09a00e7909e6dc25beddc0b1310ca734bb9b48e/pydantic_core-2.46.0-cp314-cp314-manylinux_2_31_riscv64.whl", hash = "sha256:c16ae1f3170267b1a37e16dba5c297bdf60c8b5657b147909ca8774ce7366644", size = 2169447, upload-time = "2026-04-13T09:04:11.143Z" },
    { url = "https://files.pythonhosted.org/packages/26/73/408e686b45b82d28ac19e8229e07282254dbee6a5d24c5c7cf3cf3716613/pydantic_core-2.46.0-cp314-cp314-manylinux_2_5_i686.manylinux1_i686.whl", hash = "sha256:133b69e1c1ba34d3702eed73f19f7f966928f9aa16663b55c2ebce0893cca42e", size = 2200672, upload-time = "2026-04-13T09:03:54.056Z" },
    { url = "https://files.pythonhosted.org/packages/0a/3b/807d5b035ec891b57b9079ce881f48263936c37bd0d154a056e7fd152afb/pydantic_core-2.46.0-cp314-cp314-musllinux_1_1_aarch64.whl", hash = "sha256:15ed8e5bde505133d96b41702f31f06829c46b05488211a5b1c7877e11de5eb5", size = 2188293, upload-time = "2026-04-13T09:07:07.614Z" },
    { url = "https://files.pythonhosted.org/packages/f1/ed/719b307516285099d1196c52769fdbe676fd677da007b9c349ae70b7226d/pydantic_core-2.46.0-cp314-cp314-musllinux_1_1_armv7l.whl", hash = "sha256:8cfc29a1c66a7f0fcb36262e92f353dd0b9c4061d558fceb022e698a801cb8ae", size = 2335023, upload-time = "2026-04-13T09:04:05.176Z" },
    { url = "https://files.pythonhosted.org/packages/8d/90/8718e4ae98c4e8a7325afdc079be82be1e131d7a47cb6c098844a9531ffe/pydantic_core-2.46.0-cp314-cp314-musllinux_1_1_x86_64.whl", hash = "sha256:e1155708540f13845bf68d5ac511a55c76cfe2e057ed12b4bf3adac1581fc5c2", size = 2377155, upload-time = "2026-04-13T09:06:18.081Z" },
    { url = "https://files.pythonhosted.org/packages/dd/dc/7172789283b963f81da2fc92b186e22de55687019079f71c4d570822502b/pydantic_core-2.46.0-cp314-cp314-win32.whl", hash = "sha256:de5635a48df6b2eef161d10ea1bc2626153197333662ba4cd700ee7ec1aba7f5", size = 1963078, upload-time = "2026-04-13T09:05:30.615Z" },
    { url = "https://files.pythonhosted.org/packages/e0/69/03a7ea4b6264def3a44eabf577528bcec2f49468c5698b2044dea54dc07e/pydantic_core-2.46.0-cp314-cp314-win_amd64.whl", hash = "sha256:f07a5af60c5e7cf53dd1ff734228bd72d0dc9938e64a75b5bb308ca350d9681e", size = 2068439, upload-time = "2026-04-13T09:04:57.729Z" },
    { url = "https://files.pythonhosted.org/packages/f5/eb/1c3afcfdee2ab6634b802ab0a0f1966df4c8b630028ec56a1cb0a710dc58/pydantic_core-2.46.0-cp314-cp314-win_arm64.whl", hash = "sha256:e7a77eca3c7d5108ff509db20aae6f80d47c7ed7516d8b96c387aacc42f3ce0f", size = 2026470, upload-time = "2026-04-13T09:05:08.654Z" },
    { url = "https://files.pythonhosted.org/packages/5c/30/1177dde61b200785c4739665e3aa03a9d4b2c25d2d0408b07d585e633965/pydantic_core-2.46.0-cp314-cp314t-macosx_10_12_x86_64.whl", hash = "sha256:5e7cdd4398bee1aaeafe049ac366b0f887451d9ae418fd8785219c13fea2f928", size = 2107447, upload-time = "2026-04-13T09:05:46.314Z" },
    { url = "https://files.pythonhosted.org/packages/b1/60/4e0f61f99bdabbbc309d364a2791e1ba31e778a4935bc43391a7bdec0744/pydantic_core-2.46.0-cp314-cp314t-macosx_11_0_arm64.whl", hash = "sha256:5c2c92d82808e27cef3f7ab3ed63d657d0c755e0dbe5b8a58342e37bdf09bd2e", size = 1926927, upload-time = "2026-04-13T09:06:20.371Z" },
    { url = "https://files.pythonhosted.org/packages/1d/d0/67f89a8269152c1d6eaa81f04e75a507372ebd8ca7382855a065222caa80/pydantic_core-2.46.0-cp314-cp314t-manylinux_2_17_aarch64.manylinux2014_aarch64.whl", hash = "sha256:0bab80af91cd7014b45d1089303b5f844a9d91d7da60eabf3d5f9694b32a6655", size = 1966613, upload-time = "2026-04-13T09:07:05.389Z" },
    { url = "https://files.pythonhosted.org/packages/cd/07/8dfdc3edc78f29a80fb31f366c50203ec904cff6a4c923599bf50ac0d0ff/pydantic_core-2.46.0-cp314-cp314t-manylinux_2_17_armv7l.manylinux2014_armv7l.whl", hash = "sha256:1e49ffdb714bc990f00b39d1ad1d683033875b5af15582f60c1f34ad3eeccfaa", size = 2032902, upload-time = "2026-04-13T09:06:42.47Z" },
    { url = "https://files.pythonhosted.org/packages/b0/2a/111c5e8fe24f99c46bcad7d3a82a8f6dbc738066e2c72c04c71f827d8c78/pydantic_core-2.46.0-cp314-cp314t-manylinux_2_17_ppc64le.manylinux2014_ppc64le.whl", hash = "sha256:ca877240e8dbdeef3a66f751dc41e5a74893767d510c22a22fc5c0199844f0ce", size = 2244456, upload-time = "2026-04-13T09:05:36.484Z" },
    { url = "https://files.pythonhosted.org/packages/6b/7c/cfc5d11c15a63ece26e148572c77cfbb2c7f08d315a7b63ef0fe0711d753/pydantic_core-2.46.0-cp314-cp314t-manylinux_2_17_s390x.manylinux2014_s390x.whl", hash = "sha256:87e6843f89ecd2f596d7294e33196c61343186255b9880c4f1b725fde8b0e20d", size = 2294535, upload-time = "2026-04-13T09:06:01.689Z" },
    { url = "https://files.pythonhosted.org/packages/c4/2c/f0d744e3dab7bd026a3f4670a97a295157cff923a2666d30a15a70a7e3d0/pydantic_core-2.46.0-cp314-cp314t-manylinux_2_17_x86_64.manylinux2014_x86_64.whl", hash = "sha256:e20bc5add1dd9bc3b9a3600d40632e679376569098345500799a6ad7c5d46c72", size = 2104621, upload-time = "2026-04-13T09:04:34.388Z" },
    { url = "https://files.pythonhosted.org/packages/a7/64/e7cc4698dc024264d214b51d5a47a2404221b12060dd537d76f831b2120a/pydantic_core-2.46.0-cp314-cp314t-manylinux_2_31_riscv64.whl", hash = "sha256:ee6ff79a5f0289d64a9d6696a3ce1f98f925b803dd538335a118231e26d6d827", size = 2130718, upload-time = "2026-04-13T09:04:26.23Z" },
    { url = "https://files.pythonhosted.org/packages/0b/a8/224e655fec21f7d4441438ad2ecaccb33b5a3876ce7bb2098c74a49efc14/pydantic_core-2.46.0-cp314-cp314t-manylinux_2_5_i686.manylinux1_i686.whl", hash = "sha256:52d35cfb58c26323101c7065508d7bb69bb56338cda9ea47a7b32be581af055d", size = 2180738, upload-time = "2026-04-13T09:05:50.253Z" },
    { url = "https://files.pythonhosted.org/packages/32/7b/b3025618ed4c4e4cbaa9882731c19625db6669896b621760ea95bc1125ef/pydantic_core-2.46.0-cp314-cp314t-musllinux_1_1_aarch64.whl", hash = "sha256:d14cc5a6f260fa78e124061eebc5769af6534fc837e9a62a47f09a2c341fa4ea", size = 2171222, upload-time = "2026-04-13T09:07:29.929Z" },
    { url = "https://files.pythonhosted.org/packages/7b/e3/68170aa1d891920af09c1f2f34df61dc5ff3a746400027155523e3400e89/pydantic_core-2.46.0-cp314-cp314t-musllinux_1_1_armv7l.whl", hash = "sha256:4f7ff859d663b6635f6307a10803d07f0d09487e16c3d36b1744af51dbf948b2", size = 2320040, upload-time = "2026-04-13T09:06:35.732Z" },
    { url = "https://files.pythonhosted.org/packages/67/1b/5e65807001b84972476300c1f49aea2b4971b7e9fffb5c2654877dadd274/pydantic_core-2.46.0-cp314-cp314t-musllinux_1_1_x86_64.whl", hash = "sha256:8ef749be6ed0d69dba31902aaa8255a9bb269ae50c93888c4df242d8bb7acd9e", size = 2377062, upload-time = "2026-04-13T09:07:39.945Z" },
    { url = "https://files.pythonhosted.org/packages/75/03/48caa9dd5f28f7662bd52bff454d9a451f6b7e5e4af95e289e5e170749c9/pydantic_core-2.46.0-cp314-cp314t-win32.whl", hash = "sha256:d93ca72870133f86360e4bb0c78cd4e6ba2a0f9f3738a6486909ffc031463b32", size = 1951028, upload-time = "2026-04-13T09:04:20.224Z" },
    { url = "https://files.pythonhosted.org/packages/87/ed/e97ff55fe28c0e6e3cba641d622b15e071370b70e5f07c496b07b65db7c9/pydantic_core-2.46.0-cp314-cp314t-win_amd64.whl", hash = "sha256:6ebb2668afd657e2127cb40f2ceb627dd78e74e9dfde14d9bf6cdd532a29ff59", size = 2048519, upload-time = "2026-04-13T09:05:10.464Z" },
    { url = "https://files.pythonhosted.org/packages/b6/51/e0db8267a287994546925f252e329eeae4121b1e77e76353418da5a3adf0/pydantic_core-2.46.0-cp314-cp314t-win_arm64.whl", hash = "sha256:4864f5bbb7993845baf9209bae1669a8a76769296a018cb569ebda9dcb4241f5", size = 2026791, upload-time = "2026-04-13T09:04:37.724Z" },
    { url = "https://files.pythonhosted.org/packages/74/0c/106ed5cc50393d90523f09adcc50d05e42e748eb107dc06aea971137f02d/pydantic_core-2.46.0-graalpy312-graalpy250_312_native-macosx_10_12_x86_64.whl", hash = "sha256:bc0e2fefe384152d7da85b5c2fe8ce2bf24752f68a58e3f3ea42e28a29dfdeb2", size = 2104968, upload-time = "2026-04-13T09:06:26.967Z" },
    { url = "https://files.pythonhosted.org/packages/f5/71/b494cef3165e3413ee9bbbb5a9eedc9af0ea7b88d8638beef6c2061b110e/pydantic_core-2.46.0-graalpy312-graalpy250_312_native-macosx_11_0_arm64.whl", hash = "sha256:a2ab0e785548be1b4362a62c4004f9217598b7ee465f1f420fc2123e2a5b5b02", size = 1940442, upload-time = "2026-04-13T09:06:29.332Z" },
    { url = "https://files.pythonhosted.org/packages/7e/3e/a4d578c8216c443e26a1124f8c1e07c0654264ce5651143d3883d85ff140/pydantic_core-2.46.0-graalpy312-graalpy250_312_native-manylinux_2_17_aarch64.manylinux2014_aarch64.whl", hash = "sha256:16d45aecb18b8cba1c68eeb17c2bb2d38627ceed04c5b30b882fc9134e01f187", size = 1999672, upload-time = "2026-04-13T09:04:42.798Z" },
    { url = "https://files.pythonhosted.org/packages/cd/c1/9114560468685525a21770138382fd0cb849aaf351ff2c7b97f760d121e0/pydantic_core-2.46.0-graalpy312-graalpy250_312_native-manylinux_2_17_x86_64.manylinux2014_x86_64.whl", hash = "sha256:5078f6c377b002428e984259ac327ef8902aacae6c14b7de740dd4869a491501", size = 2154533, upload-time = "2026-04-13T09:04:50.868Z" },
]

[[package]]
name = "pygments"
version = "2.19.2"
source = { registry = "https://pypi.org/simple" }
sdist = { url = "https://files.pythonhosted.org/packages/b0/77/a5b8c569bf593b0140bde72ea885a803b82086995367bf2037de0159d924/pygments-2.19.2.tar.gz", hash = "sha256:636cb2477cec7f8952536970bc533bc43743542f70392ae026374600add5b887", size = 4968631, upload-time = "2025-06-21T13:39:12.283Z" }
wheels = [
    { url = "https://files.pythonhosted.org/packages/c7/21/705964c7812476f378728bdf590ca4b771ec72385c533964653c68e86bdc/pygments-2.19.2-py3-none-any.whl", hash = "sha256:86540386c03d588bb81d44bc3928634ff26449851e99741617ecb9037ee5ec0b", size = 1225217, upload-time = "2025-06-21T13:39:07.939Z" },
]

[[package]]
name = "pytest"
version = "9.0.3"
source = { registry = "https://pypi.org/simple" }
dependencies = [
    { name = "colorama", marker = "sys_platform == 'win32'" },
    { name = "iniconfig" },
    { name = "packaging" },
    { name = "pluggy" },
    { name = "pygments" },
]
sdist = { url = "https://files.pythonhosted.org/packages/7d/0d/549bd94f1a0a402dc8cf64563a117c0f3765662e2e668477624baeec44d5/pytest-9.0.3.tar.gz", hash = "sha256:b86ada508af81d19edeb213c681b1d48246c1a91d304c6c81a427674c17eb91c", size = 1572165, upload-time = "2026-04-07T17:16:18.027Z" }
wheels = [
    { url = "https://files.pythonhosted.org/packages/d4/24/a372aaf5c9b7208e7112038812994107bc65a84cd00e0354a88c2c77a617/pytest-9.0.3-py3-none-any.whl", hash = "sha256:2c5efc453d45394fdd706ade797c0a81091eccd1d6e4bccfcd476e2b8e0ab5d9", size = 375249, upload-time = "2026-04-07T17:16:16.13Z" },
]

[[package]]
name = "requests"
version = "2.33.1"
source = { registry = "https://pypi.org/simple" }
dependencies = [
    { name = "certifi" },
    { name = "charset-normalizer" },
    { name = "idna" },
    { name = "urllib3" },
]
sdist = { url = "https://files.pythonhosted.org/packages/5f/a4/98b9c7c6428a668bf7e42ebb7c79d576a1c3c1e3ae2d47e674b468388871/requests-2.33.1.tar.gz", hash = "sha256:18817f8c57c6263968bc123d237e3b8b08ac046f5456bd1e307ee8f4250d3517", size = 134120, upload-time = "2026-03-30T16:09:15.531Z" }
wheels = [
    { url = "https://files.pythonhosted.org/packages/d7/8e/7540e8a2036f79a125c1d2ebadf69ed7901608859186c856fa0388ef4197/requests-2.33.1-py3-none-any.whl", hash = "sha256:4e6d1ef462f3626a1f0a0a9c42dd93c63bad33f9f1c1937509b8c5c8718ab56a", size = 64947, upload-time = "2026-03-30T16:09:13.83Z" },
]

[[package]]
name = "requests-mock"
version = "1.12.1"
source = { registry = "https://pypi.org/simple" }
dependencies = [
    { name = "requests" },
]
sdist = { url = "https://files.pythonhosted.org/packages/92/32/587625f91f9a0a3d84688bf9cfc4b2480a7e8ec327cefd0ff2ac891fd2cf/requests-mock-1.12.1.tar.gz", hash = "sha256:e9e12e333b525156e82a3c852f22016b9158220d2f47454de9cae8a77d371401", size = 60901, upload-time = "2024-03-29T03:54:29.446Z" }
wheels = [
    { url = "https://files.pythonhosted.org/packages/97/ec/889fbc557727da0c34a33850950310240f2040f3b1955175fdb2b36a8910/requests_mock-1.12.1-py2.py3-none-any.whl", hash = "sha256:b1e37054004cdd5e56c84454cc7df12b25f90f382159087f4b6915aaeef39563", size = 27695, upload-time = "2024-03-29T03:54:27.64Z" },
]

[[package]]
name = "ruff"
version = "0.15.12"
source = { registry = "https://pypi.org/simple" }
sdist = { url = "https://files.pythonhosted.org/packages/99/43/3291f1cc9106f4c63bdce7a8d0df5047fe8422a75b091c16b5e9355e0b11/ruff-0.15.12.tar.gz", hash = "sha256:ecea26adb26b4232c0c2ca19ccbc0083a68344180bba2a600605538ce51a40a6", size = 4643852, upload-time = "2026-04-24T18:17:14.305Z" }
wheels = [
    { url = "https://files.pythonhosted.org/packages/c3/6e/e78ffb61d4686f3d96ba3df2c801161843746dcbcbb17a1e927d4829312b/ruff-0.15.12-py3-none-linux_armv6l.whl", hash = "sha256:f86f176e188e94d6bdbc09f09bfd9dc729059ad93d0e7390b5a73efe19f8861c", size = 10640713, upload-time = "2026-04-24T18:17:22.841Z" },
    { url = "https://files.pythonhosted.org/packages/ae/08/a317bc231fb9e7b93e4ef3089501e51922ff88d6936ce5cf870c4fe55419/ruff-0.15.12-py3-none-macosx_10_12_x86_64.whl", hash = "sha256:e3bcd123364c3770b8e1b7baaf343cc99a35f197c5c6e8af79015c666c423a6c", size = 11069267, upload-time = "2026-04-24T18:17:30.105Z" },
    { url = "https://files.pythonhosted.org/packages/aa/a4/f828e9718d3dce1f5f11c39c4f65afd32783c8b2aebb2e3d259e492c47bd/ruff-0.15.12-py3-none-macosx_11_0_arm64.whl", hash = "sha256:fe87510d000220aa1ed530d4448a7c696a0cae1213e5ec30e5874287b66557b5", size = 10397182, upload-time = "2026-04-24T18:17:07.177Z" },
    { url = "https://files.pythonhosted.org/packages/71/e0/3310fc6d1b5e1fdea22bf3b1b807c7e187b581021b0d7d4514cccdb5fb71/ruff-0.15.12-py3-none-manylinux_2_17_aarch64.manylinux2014_aarch64.whl", hash = "sha256:84a1630093121375a3e2a95b4a6dc7b59e2b4ee76216e32d81aae550a832d002", size = 10758012, upload-time = "2026-04-24T18:16:55.759Z" },
    { url = "https://files.pythonhosted.org/packages/11/c1/a606911aee04c324ddaa883ae418f3569792fd3c4a10c50e0dd0a2311e1e/ruff-0.15.12-py3-none-manylinux_2_17_armv7l.manylinux2014_armv7l.whl", hash = "sha256:fb129f40f114f089ebe0ca56c0d251cf2061b17651d464bb6478dc01e69f11f5", size = 10447479, upload-time = "2026-04-24T18:16:51.677Z" },
    { url = "https://files.pythonhosted.org/packages/9d/68/4201e8444f0894f21ab4aeeaee68aa4f10b51613514a20d80bd628d57e88/ruff-0.15.12-py3-none-manylinux_2_17_i686.manylinux2014_i686.whl", hash = "sha256:b0c862b172d695db7598426b8af465e7e9ac00a3ea2a3630ee67eb82e366aaa6", size = 11234040, upload-time = "2026-04-24T18:17:16.529Z" },
    { url = "https://files.pythonhosted.org/packages/34/ff/8a6d6cf4ccc23fd67060874e832c18919d1557a0611ebef03fdb01fff11e/ruff-0.15.12-py3-none-manylinux_2_17_ppc64le.manylinux2014_ppc64le.whl", hash = "sha256:2849ea9f3484c3aca43a82f484210370319e7170df4dfe4843395ddf6c57bc33", size = 12087377, upload-time = "2026-04-24T18:17:04.944Z" },
    { url = "https://files.pythonhosted.org/packages/85/f6/c669cf73f5152f623d34e69866a46d5e6185816b19fcd5b6dd8a2d299922/ruff-0.15.12-py3-none-manylinux_2_17_s390x.manylinux2014_s390x.whl", hash = "sha256:9e77c7e51c07fe396826d5969a5b846d9cd4c402535835fb6e21ce8b28fef847", size = 11367784, upload-time = "2026-04-24T18:17:25.409Z" },
    { url = "https://files.pythonhosted.org/packages/e8/39/c61d193b8a1daaa8977f7dea9e8d8ba866e02ea7b65d32f6861693aa4c12/ruff-0.15.12-py3-none-manylinux_2_17_x86_64.manylinux2014_x86_64.whl", hash = "sha256:83b2f4f2f3b1026b5fb449b467d9264bf22067b600f7b6f41fc5958909f449d0", size = 11344088, upload-time = "2026-04-24T18:17:12.258Z" },
    { url = "https://files.pythonhosted.org/packages/c2/8d/49afab3645e31e12c590acb6d3b5b69d7aab5b81926dbaf7461f9441f37a/ruff-0.15.12-py3-none-manylinux_2_31_riscv64.whl", hash = "sha256:9ba3b8f1afd7e2e43d8943e55f249e13f9682fde09711644a6e7290eb4f3e339", size = 11271770, upload-time = "2026-04-24T18:17:02.457Z" },
    { url = "https://files.pythonhosted.org/packages/46/06/33f41fe94403e2b755481cdfb9b7ef3e4e0ed031c4581124658d935d52b4/ruff-0.15.12-py3-none-musllinux_1_2_aarch64.whl", hash = "sha256:e852ba9fdc890655e1d78f2df1499efbe0e54126bd405362154a75e2bde159c5", size = 10719355, upload-time = "2026-04-24T18:17:27.648Z" },
    { url = "https://files.pythonhosted.org/packages/0d/59/18aa4e014debbf559670e4048e39260a85c7fcee84acfd761ac01e7b8d35/ruff-0.15.12-py3-none-musllinux_1_2_armv7l.whl", hash = "sha256:dd8aed930da53780d22fc70bdf84452c843cf64f8cb4eb38984319c24c5cd5fd", size = 10462758, upload-time = "2026-04-24T18:17:32.347Z" },
    { url = "https://files.pythonhosted.org/packages/25/e7/cc9f16fd0f3b5fddcbd7ec3d6ae30c8f3fde1047f32a4093a98d633c6570/ruff-0.15.12-py3-none-musllinux_1_2_i686.whl", hash = "sha256:01da3988d225628b709493d7dc67c3b9b12c0210016b08690ef9bd27970b262b", size = 10953498, upload-time = "2026-04-24T18:17:20.674Z" },
    { url = "https://files.pythonhosted.org/packages/72/7a/a9ba7f98c7a575978698f4230c5e8cc54bbc761af34f560818f933dafa0c/ruff-0.15.12-py3-none-musllinux_1_2_x86_64.whl", hash = "sha256:9cae0f92bd5700d1213188b31cd3bdd2b315361296d10b96b8e2337d3d11f53e", size = 11447765, upload-time = "2026-04-24T18:17:09.755Z" },
    { url = "https://files.pythonhosted.org/packages/ea/f9/0ae446942c846b8266059ad8a30702a35afae55f5cdc54c5adf8d7afdc27/ruff-0.15.12-py3-none-win32.whl", hash = "sha256:d0185894e038d7043ba8fd6aee7499ece6462dc0ea9f1e260c7451807c714c20", size = 10657277, upload-time = "2026-04-24T18:17:18.591Z" },
    { url = "https://files.pythonhosted.org/packages/33/f1/9614e03e1cdcbf9437570b5400ced8a720b5db22b28d8e0f1bda429f660d/ruff-0.15.12-py3-none-win_amd64.whl", hash = "sha256:c87a162d61ab3adca47c03f7f717c68672edec7d1b5499e652331780fe74950d", size = 11837758, upload-time = "2026-04-24T18:17:00.113Z" },
    { url = "https://files.pythonhosted.org/packages/c0/98/6beb4b351e472e5f4c4613f7c35a5290b8be2497e183825310c4c3a3984b/ruff-0.15.12-py3-none-win_arm64.whl", hash = "sha256:a538f7a82d061cee7be55542aca1d86d1393d55d81d4fcc314370f4340930d4f", size = 11120821, upload-time = "2026-04-24T18:16:57.979Z" },
]

[[package]]
name = "typing-extensions"
version = "4.15.0"
source = { registry = "https://pypi.org/simple" }
sdist = { url = "https://files.pythonhosted.org/packages/72/94/1a15dd82efb362ac84269196e94cf00f187f7ed21c242792a923cdb1c61f/typing_extensions-4.15.0.tar.gz", hash = "sha256:0cea48d173cc12fa28ecabc3b837ea3cf6f38c6d1136f85cbaaf598984861466", size = 109391, upload-time = "2025-08-25T13:49:26.313Z" }
wheels = [
    { url = "https://files.pythonhosted.org/packages/18/67/36e9267722cc04a6b9f15c7f3441c2363321a3ea07da7ae0c0707beb2a9c/typing_extensions-4.15.0-py3-none-any.whl", hash = "sha256:f0fa19c6845758ab08074a0cfa8b7aecb71c999ca73d62883bc25cc018c4e548", size = 44614, upload-time = "2025-08-25T13:49:24.86Z" },
]

[[package]]
name = "typing-inspection"
version = "0.4.2"
source = { registry = "https://pypi.org/simple" }
dependencies = [
    { name = "typing-extensions" },
]
sdist = { url = "https://files.pythonhosted.org/packages/55/e3/70399cb7dd41c10ac53367ae42139cf4b1ca5f36bb3dc6c9d33acdb43655/typing_inspection-0.4.2.tar.gz", hash = "sha256:ba561c48a67c5958007083d386c3295464928b01faa735ab8547c5692e87f464", size = 75949, upload-time = "2025-10-01T02:14:41.687Z" }
wheels = [
    { url = "https://files.pythonhosted.org/packages/dc/9b/47798a6c91d8bdb567fe2698fe81e0c6b7cb7ef4d13da4114b41d239f65d/typing_inspection-0.4.2-py3-none-any.whl", hash = "sha256:4ed1cacbdc298c220f1bd249ed5287caa16f34d44ef4e9c3d0cbad5b521545e7", size = 14611, upload-time = "2025-10-01T02:14:40.154Z" },
]

[[package]]
name = "urllib3"
version = "2.6.3"
source = { registry = "https://pypi.org/simple" }
sdist = { url = "https://files.pythonhosted.org/packages/c7/24/5f1b3bdffd70275f6661c76461e25f024d5a38a46f04aaca912426a2b1d3/urllib3-2.6.3.tar.gz", hash = "sha256:1b62b6884944a57dbe321509ab94fd4d3b307075e0c2eae991ac71ee15ad38ed", size = 435556, upload-time = "2026-01-07T16:24:43.925Z" }
wheels = [
    { url = "https://files.pythonhosted.org/packages/39/08/aaaad47bc4e9dc8c725e68f9d04865dbcb2052843ff09c97b08904852d84/urllib3-2.6.3-py3-none-any.whl", hash = "sha256:bf272323e553dfb2e87d9bfd225ca7b0f467b919d7bbd355436d3fd37cb0acd4", size = 131584, upload-time = "2026-01-07T16:24:42.685Z" },
]
