version = 1
revision = 3
requires-python = ">=3.12"

[[package]]
name = "annotated-types"
version = "0.7.0"
source = { registry = "https://pypi.org/simple" }
sdist = { url = "https://files.pythonhosted.org/packages/ee/67/531ea369ba64dcff5ec9c3402f9f51bf748cec26dde048a2f973a4eea7f5/annotated_types-0.7.0.tar.gz", hash = "sha256:aff07c09a53a08bc8cfccb9c85b05f1aa9a2a6f23728d790723543408344ce89", size = 16081, upload-time = "2024-05-20T21:33:25.928Z" }
wheels = [
    { url = "https://files.pythonhosted.org/packages/78/b6/6307fbef88d9b5ee7421e68d78a9f162e0da4900bc5f5793f6d3d0e34fb8/annotated_types-0.7.0-py3-none-any.whl", hash = "sha256:1f02e8b43a8fbbc3f3e0d4f0f4bfc8131bcb4eebe8849b8e5c773f3a1c582a53", size = 13643, upload-time = "2024-05-20T21:33:24.1Z" },
]

[[package]]
name = "certifi"
version = "2025.4.26"
source = { registry = "https://pypi.org/simple" }
sdist = { url = "https://files.pythonhosted.org/packages/e8/9e/c05b3920a3b7d20d3d3310465f50348e5b3694f4f88c6daf736eef3024c4/certifi-2025.4.26.tar.gz", hash = "sha256:0a816057ea3cdefcef70270d2c515e4506bbc954f417fa5ade2021213bb8f0c6", size = 160705, upload-time = "2025-04-26T02:12:29.51Z" }
wheels = [
    { url = "https://files.pythonhosted.org/packages/4a/7e/3db2bd1b1f9e95f7cddca6d6e75e2f2bd9f51b1246e546d88addca0106bd/certifi-2025.4.26-py3-none-any.whl", hash = "sha256:30350364dfe371162649852c63336a15c70c6510c2ad5015b21c2345311805f3", size = 159618, upload-time = "2025-04-26T02:12:27.662Z" },
]

[[package]]
name = "charset-normalizer"
version = "3.4.2"
source = { registry = "https://pypi.org/simple" }
sdist = { url = "https://files.pythonhosted.org/packages/e4/33/89c2ced2b67d1c2a61c19c6751aa8902d46ce3dacb23600a283619f5a12d/charset_normalizer-3.4.2.tar.gz", hash = "sha256:5baececa9ecba31eff645232d59845c07aa030f0c81ee70184a90d35099a0e63", size = 126367, upload-time = "2025-05-02T08:34:42.01Z" }
wheels = [
    { url = "https://files.pythonhosted.org/packages/d7/a4/37f4d6035c89cac7930395a35cc0f1b872e652eaafb76a6075943754f095/charset_normalizer-3.4.2-cp312-cp312-macosx_10_13_universal2.whl", hash = "sha256:0c29de6a1a95f24b9a1aa7aefd27d2487263f00dfd55a77719b530788f75cff7", size = 199936, upload-time = "2025-05-02T08:32:33.712Z" },
    { url = "https://files.pythonhosted.org/packages/ee/8a/1a5e33b73e0d9287274f899d967907cd0bf9c343e651755d9307e0dbf2b3/charset_normalizer-3.4.2-cp312-cp312-manylinux_2_17_aarch64.manylinux2014_aarch64.whl", hash = "sha256:cddf7bd982eaa998934a91f69d182aec997c6c468898efe6679af88283b498d3", size = 143790, upload-time = "2025-05-02T08:32:35.768Z" },
    { url = "https://files.pythonhosted.org/packages/66/52/59521f1d8e6ab1482164fa21409c5ef44da3e9f653c13ba71becdd98dec3/charset_normalizer-3.4.2-cp312-cp312-manylinux_2_17_ppc64le.manylinux2014_ppc64le.whl", hash = "sha256:fcbe676a55d7445b22c10967bceaaf0ee69407fbe0ece4d032b6eb8d4565982a", size = 153924, upload-time = "2025-05-02T08:32:37.284Z" },
    { url = "https://files.pythonhosted.org/packages/86/2d/fb55fdf41964ec782febbf33cb64be480a6b8f16ded2dbe8db27a405c09f/charset_normalizer-3.4.2-cp312-cp312-manylinux_2_17_s390x.manylinux2014_s390x.whl", hash = "sha256:d41c4d287cfc69060fa91cae9683eacffad989f1a10811995fa309df656ec214", size = 146626, upload-time = "2025-05-02T08:32:38.803Z" },
    { url = "https://files.pythonhosted.org/packages/8c/73/6ede2ec59bce19b3edf4209d70004253ec5f4e319f9a2e3f2f15601ed5f7/charset_normalizer-3.4.2-cp312-cp312-manylinux_2_17_x86_64.manylinux2014_x86_64.whl", hash = "sha256:4e594135de17ab3866138f496755f302b72157d115086d100c3f19370839dd3a", size = 148567, upload-time = "2025-05-02T08:32:40.251Z" },
    { url = "https://files.pythonhosted.org/packages/09/14/957d03c6dc343c04904530b6bef4e5efae5ec7d7990a7cbb868e4595ee30/charset_normalizer-3.4.2-cp312-cp312-manylinux_2_5_i686.manylinux1_i686.manylinux_2_17_i686.manylinux2014_i686.whl", hash = "sha256:cf713fe9a71ef6fd5adf7a79670135081cd4431c2943864757f0fa3a65b1fafd", size = 150957, upload-time = "2025-05-02T08:32:41.705Z" },
    { url = "https://files.pythonhosted.org/packages/0d/c8/8174d0e5c10ccebdcb1b53cc959591c4c722a3ad92461a273e86b9f5a302/charset_normalizer-3.4.2-cp312-cp312-musllinux_1_2_aarch64.whl", hash = "sha256:a370b3e078e418187da8c3674eddb9d983ec09445c99a3a263c2011993522981", size = 145408, upload-time = "2025-05-02T08:32:43.709Z" },
    { url = "https://files.pythonhosted.org/packages/58/aa/8904b84bc8084ac19dc52feb4f5952c6df03ffb460a887b42615ee1382e8/charset_normalizer-3.4.2-cp312-cp312-musllinux_1_2_i686.whl", hash = "sha256:a955b438e62efdf7e0b7b52a64dc5c3396e2634baa62471768a64bc2adb73d5c", size = 153399, upload-time = "2025-05-02T08:32:46.197Z" },
    { url = "https://files.pythonhosted.org/packages/c2/26/89ee1f0e264d201cb65cf054aca6038c03b1a0c6b4ae998070392a3ce605/charset_normalizer-3.4.2-cp312-cp312-musllinux_1_2_ppc64le.whl", hash = "sha256:7222ffd5e4de8e57e03ce2cef95a4c43c98fcb72ad86909abdfc2c17d227fc1b", size = 156815, upload-time = "2025-05-02T08:32:48.105Z" },
    { url = "https://files.pythonhosted.org/packages/fd/07/68e95b4b345bad3dbbd3a8681737b4338ff2c9df29856a6d6d23ac4c73cb/charset_normalizer-3.4.2-cp312-cp312-musllinux_1_2_s390x.whl", hash = "sha256:bee093bf902e1d8fc0ac143c88902c3dfc8941f7ea1d6a8dd2bcb786d33db03d", size = 154537, upload-time = "2025-05-02T08:32:49.719Z" },
    { url = "https://files.pythonhosted.org/packages/77/1a/5eefc0ce04affb98af07bc05f3bac9094513c0e23b0562d64af46a06aae4/charset_normalizer-3.4.2-cp312-cp312-musllinux_1_2_x86_64.whl", hash = "sha256:dedb8adb91d11846ee08bec4c8236c8549ac721c245678282dcb06b221aab59f", size = 149565, upload-time = "2025-05-02T08:32:51.404Z" },
    { url = "https://files.pythonhosted.org/packages/37/a0/2410e5e6032a174c95e0806b1a6585eb21e12f445ebe239fac441995226a/charset_normalizer-3.4.2-cp312-cp312-win32.whl", hash = "sha256:db4c7bf0e07fc3b7d89ac2a5880a6a8062056801b83ff56d8464b70f65482b6c", size = 98357, upload-time = "2025-05-02T08:32:53.079Z" },
    { url = "https://files.pythonhosted.org/packages/6c/4f/c02d5c493967af3eda9c771ad4d2bbc8df6f99ddbeb37ceea6e8716a32bc/charset_normalizer-3.4.2-cp312-cp312-win_amd64.whl", hash = "sha256:5a9979887252a82fefd3d3ed2a8e3b937a7a809f65dcb1e068b090e165bbe99e", size = 105776, upload-time = "2025-05-02T08:32:54.573Z" },
    { url = "https://files.pythonhosted.org/packages/ea/12/a93df3366ed32db1d907d7593a94f1fe6293903e3e92967bebd6950ed12c/charset_normalizer-3.4.2-cp313-cp313-macosx_10_13_universal2.whl", hash = "sha256:926ca93accd5d36ccdabd803392ddc3e03e6d4cd1cf17deff3b989ab8e9dbcf0", size = 199622, upload-time = "2025-05-02T08:32:56.363Z" },
    { url = "https://files.pythonhosted.org/packages/04/93/bf204e6f344c39d9937d3c13c8cd5bbfc266472e51fc8c07cb7f64fcd2de/charset_normalizer-3.4.2-cp313-cp313-manylinux_2_17_aarch64.manylinux2014_aarch64.whl", hash = "sha256:eba9904b0f38a143592d9fc0e19e2df0fa2e41c3c3745554761c5f6447eedabf", size = 143435, upload-time = "2025-05-02T08:32:58.551Z" },
    { url = "https://files.pythonhosted.org/packages/22/2a/ea8a2095b0bafa6c5b5a55ffdc2f924455233ee7b91c69b7edfcc9e02284/charset_normalizer-3.4.2-cp313-cp313-manylinux_2_17_ppc64le.manylinux2014_ppc64le.whl", hash = "sha256:3fddb7e2c84ac87ac3a947cb4e66d143ca5863ef48e4a5ecb83bd48619e4634e", size = 153653, upload-time = "2025-05-02T08:33:00.342Z" },
    { url = "https://files.pythonhosted.org/packages/b6/57/1b090ff183d13cef485dfbe272e2fe57622a76694061353c59da52c9a659/charset_normalizer-3.4.2-cp313-cp313-manylinux_2_17_s390x.manylinux2014_s390x.whl", hash = "sha256:98f862da73774290f251b9df8d11161b6cf25b599a66baf087c1ffe340e9bfd1", size = 146231, upload-time = "2025-05-02T08:33:02.081Z" },
    { url = "https://files.pythonhosted.org/packages/e2/28/ffc026b26f441fc67bd21ab7f03b313ab3fe46714a14b516f931abe1a2d8/charset_normalizer-3.4.2-cp313-cp313-manylinux_2_17_x86_64.manylinux2014_x86_64.whl", hash = "sha256:6c9379d65defcab82d07b2a9dfbfc2e95bc8fe0ebb1b176a3190230a3ef0e07c", size = 148243, upload-time = "2025-05-02T08:33:04.063Z" },
    { url = "https://files.pythonhosted.org/packages/c0/0f/9abe9bd191629c33e69e47c6ef45ef99773320e9ad8e9cb08b8ab4a8d4cb/charset_normalizer-3.4.2-cp313-cp313-manylinux_2_5_i686.manylinux1_i686.manylinux_2_17_i686.manylinux2014_i686.whl", hash = "sha256:e635b87f01ebc977342e2697d05b56632f5f879a4f15955dfe8cef2448b51691", size = 150442, upload-time = "2025-05-02T08:33:06.418Z" },
    { url = "https://files.pythonhosted.org/packages/67/7c/a123bbcedca91d5916c056407f89a7f5e8fdfce12ba825d7d6b9954a1a3c/charset_normalizer-3.4.2-cp313-cp313-musllinux_1_2_aarch64.whl", hash = "sha256:1c95a1e2902a8b722868587c0e1184ad5c55631de5afc0eb96bc4b0d738092c0", size = 145147, upload-time = "2025-05-02T08:33:08.183Z" },
    { url = "https://files.pythonhosted.org/packages/ec/fe/1ac556fa4899d967b83e9893788e86b6af4d83e4726511eaaad035e36595/charset_normalizer-3.4.2-cp313-cp313-musllinux_1_2_i686.whl", hash = "sha256:ef8de666d6179b009dce7bcb2ad4c4a779f113f12caf8dc77f0162c29d20490b", size = 153057, upload-time = "2025-05-02T08:33:09.986Z" },
    { url = "https://files.pythonhosted.org/packages/2b/ff/acfc0b0a70b19e3e54febdd5301a98b72fa07635e56f24f60502e954c461/charset_normalizer-3.4.2-cp313-cp313-musllinux_1_2_ppc64le.whl", hash = "sha256:32fc0341d72e0f73f80acb0a2c94216bd704f4f0bce10aedea38f30502b271ff", size = 156454, upload-time = "2025-05-02T08:33:11.814Z" },
    { url = "https://files.pythonhosted.org/packages/92/08/95b458ce9c740d0645feb0e96cea1f5ec946ea9c580a94adfe0b617f3573/charset_normalizer-3.4.2-cp313-cp313-musllinux_1_2_s390x.whl", hash = "sha256:289200a18fa698949d2b39c671c2cc7a24d44096784e76614899a7ccf2574b7b", size = 154174, upload-time = "2025-05-02T08:33:13.707Z" },
    { url = "https://files.pythonhosted.org/packages/78/be/8392efc43487ac051eee6c36d5fbd63032d78f7728cb37aebcc98191f1ff/charset_normalizer-3.4.2-cp313-cp313-musllinux_1_2_x86_64.whl", hash = "sha256:4a476b06fbcf359ad25d34a057b7219281286ae2477cc5ff5e3f70a246971148", size = 149166, upload-time = "2025-05-02T08:33:15.458Z" },
    { url = "https://files.pythonhosted.org/packages/44/96/392abd49b094d30b91d9fbda6a69519e95802250b777841cf3bda8fe136c/charset_normalizer-3.4.2-cp313-cp313-win32.whl", hash = "sha256:aaeeb6a479c7667fbe1099af9617c83aaca22182d6cf8c53966491a0f1b7ffb7", size = 98064, upload-time = "2025-05-02T08:33:17.06Z" },
    { url = "https://files.pythonhosted.org/packages/e9/b0/0200da600134e001d91851ddc797809e2fe0ea72de90e09bec5a2fbdaccb/charset_normalizer-3.4.2-cp313-cp313-win_amd64.whl", hash = "sha256:aa6af9e7d59f9c12b33ae4e9450619cf2488e2bbe9b44030905877f0b2324980", size = 105641, upload-time = "2025-05-02T08:33:18.753Z" },
    { url = "https://files.pythonhosted.org/packages/20/94/c5790835a017658cbfabd07f3bfb549140c3ac458cfc196323996b10095a/charset_normalizer-3.4.2-py3-none-any.whl", hash = "sha256:7f56930ab0abd1c45cd15be65cc741c28b1c9a34876ce8c17a2fa107810c0af0", size = 52626, upload-time = "2025-05-02T08:34:40.053Z" },
]

[[package]]
name = "colorama"
version = "0.4.6"
source = { registry = "https://pypi.org/simple" }
sdist = { url = "https://files.pythonhosted.org/packages/d8/53/6f443c9a4a8358a93a6792e2acffb9d9d5cb0a5cfd8802644b7b1c9a02e4/colorama-0.4.6.tar.gz", hash = "sha256:08695f5cb7ed6e0531a20572697297273c47b8cae5a63ffc6d6ed5c201be6e44", size = 27697, upload-time = "2022-10-25T02:36:22.414Z" }
wheels = [
    { url = "https://files.pythonhosted.org/packages/d1/d6/3965ed04c63042e047cb6a3e6ed1a63a35087b6a609aa3a15ed8ac56c221/colorama-0.4.6-py2.py3-none-any.whl", hash = "sha256:4f1d9991f5acc0ca119f9d443620b77f9d6b33703e51011c16baf57afb285fc6", size = 25335, upload-time = "2022-10-25T02:36:20.889Z" },
]

[[package]]
name = "feuersoftware"
version = "0.2.5"
source = { virtual = "." }
dependencies = [
    { name = "pydantic" },
    { name = "requests" },
]

[package.dev-dependencies]
dev = [
    { name = "logassert" },
    { name = "pytest" },
    { name = "requests-mock" },
    { name = "ruff" },
]

[package.metadata]
requires-dist = [
    { name = "pydantic", specifier = ">=2.9.2" },
    { name = "requests", specifier = ">=2.32.3" },
]

[package.metadata.requires-dev]
dev = [
    { name = "logassert", specifier = ">=7" },
    { name = "pytest", specifier = ">=8.3.3" },
    { name = "requests-mock", specifier = ">=1.12.1" },
    { name = "ruff", specifier = ">=0.7.2" },
]

[[package]]
name = "idna"
version = "3.10"
source = { registry = "https://pypi.org/simple" }
sdist = { url = "https://files.pythonhosted.org/packages/f1/70/7703c29685631f5a7590aa73f1f1d3fa9a380e654b86af429e0934a32f7d/idna-3.10.tar.gz", hash = "sha256:12f65c9b470abda6dc35cf8e63cc574b1c52b11df2c86030af0ac09b01b13ea9", size = 190490, upload-time = "2024-09-15T18:07:39.745Z" }
wheels = [
    { url = "https://files.pythonhosted.org/packages/76/c6/c88e154df9c4e1a2a66ccf0005a88dfb2650c1dffb6f5ce603dfbd452ce3/idna-3.10-py3-none-any.whl", hash = "sha256:946d195a0d259cbba61165e88e65941f16e9b36ea6ddb97f00452bae8b1287d3", size = 70442, upload-time = "2024-09-15T18:07:37.964Z" },
]

[[package]]
name = "iniconfig"
version = "2.1.0"
source = { registry = "https://pypi.org/simple" }
sdist = { url = "https://files.pythonhosted.org/packages/f2/97/ebf4da567aa6827c909642694d71c9fcf53e5b504f2d96afea02718862f3/iniconfig-2.1.0.tar.gz", hash = "sha256:3abbd2e30b36733fee78f9c7f7308f2d0050e88f0087fd25c2645f63c773e1c7", size = 4793, upload-time = "2025-03-19T20:09:59.721Z" }
wheels = [
    { url = "https://files.pythonhosted.org/packages/2c/e1/e6716421ea10d38022b952c159d5161ca1193197fb744506875fbb87ea7b/iniconfig-2.1.0-py3-none-any.whl", hash = "sha256:9deba5723312380e77435581c6bf4935c94cbfab9b1ed33ef8d238ea168eb760", size = 6050, upload-time = "2025-03-19T20:10:01.071Z" },
]

[[package]]
name = "logassert"
version = "8.6"
source = { registry = "https://pypi.org/simple" }
sdist = { url = "https://files.pythonhosted.org/packages/89/92/478b104834bfbb1cb69180882ada8f3a8853f5fa53d84c972338b2b6a60a/logassert-8.6.tar.gz", hash = "sha256:6fcbef322a1b8d2496042c394e1f3eb31826bb53d5c1a92252849c74ed1d6d9b", size = 22070, upload-time = "2025-08-14T17:12:52.243Z" }
wheels = [
    { url = "https://files.pythonhosted.org/packages/44/c6/2f1c303a0995d89e8e95c297e84656d2fd8af84ed40551a2c93542dffc82/logassert-8.6-py3-none-any.whl", hash = "sha256:b3d276fe4995edeccce5457b249ecd60b393dd072d42fdc955d90da532c4e854", size = 18621, upload-time = "2025-08-14T17:12:50.703Z" },
]

[[package]]
name = "packaging"
version = "25.0"
source = { registry = "https://pypi.org/simple" }
sdist = { url = "https://files.pythonhosted.org/packages/a1/d4/1fc4078c65507b51b96ca8f8c3ba19e6a61c8253c72794544580a7b6c24d/packaging-25.0.tar.gz", hash = "sha256:d443872c98d677bf60f6a1f2f8c1cb748e8fe762d2bf9d3148b5599295b0fc4f", size = 165727, upload-time = "2025-04-19T11:48:59.673Z" }
wheels = [
    { url = "https://files.pythonhosted.org/packages/20/12/38679034af332785aac8774540895e234f4d07f7545804097de4b666afd8/packaging-25.0-py3-none-any.whl", hash = "sha256:29572ef2b1f17581046b3a2227d5c611fb25ec70ca1ba8554b24b0e69331a484", size = 66469, upload-time = "2025-04-19T11:48:57.875Z" },
]

[[package]]
name = "pluggy"
version = "1.6.0"
source = { registry = "https://pypi.org/simple" }
sdist = { url = "https://files.pythonhosted.org/packages/f9/e2/3e91f31a7d2b083fe6ef3fa267035b518369d9511ffab804f839851d2779/pluggy-1.6.0.tar.gz", hash = "sha256:7dcc130b76258d33b90f61b658791dede3486c3e6bfb003ee5c9bfb396dd22f3", size = 69412, upload-time = "2025-05-15T12:30:07.975Z" }
wheels = [
    { url = "https://files.pythonhosted.org/packages/54/20/4d324d65cc6d9205fabedc306948156824eb9f0ee1633355a8f7ec5c66bf/pluggy-1.6.0-py3-none-any.whl", hash = "sha256:e920276dd6813095e9377c0bc5566d94c932c33b27a3e3945d8389c374dd4746", size = 20538, upload-time = "2025-05-15T12:30:06.134Z" },
]

[[package]]
name = "pydantic"
version = "2.13.1"
source = { registry = "https://pypi.org/simple" }
dependencies = [
    { name = "annotated-types" },
    { name = "pydantic-core" },
    { name = "typing-extensions" },
    { name = "typing-inspection" },
]
sdist = { url = "https://files.pythonhosted.org/packages/f3/6b/1353beb3d1cd5cf61cdec5b6f87a9872399de3bc5cae0b7ce07ff4de2ab0/pydantic-2.13.1.tar.gz", hash = "sha256:a0f829b279ddd1e39291133fe2539d2aa46cc6b150c1706a270ff0879e3774d2", size = 843746, upload-time = "2026-04-15T14:57:19.398Z" }
wheels = [
    { url = "https://files.pythonhosted.org/packages/81/5a/2225f4c176dbfed0d809e848b50ef08f70e61daa667b7fa14b0d311ae44d/pydantic-2.13.1-py3-none-any.whl", hash = "sha256:9557ecc2806faaf6037f85b1fbd963d01e30511c48085f0d573650fdeaad378a", size = 471917, upload-time = "2026-04-15T14:57:17.277Z" },
]

[[package]]
name = "pydantic-core"
version = "2.46.1"
source = { registry = "https://pypi.org/simple" }
dependencies = [
    { name = "typing-extensions" },
]
sdist = { url = "https://files.pythonhosted.org/packages/a1/93/f97a86a7eb28faa1d038af2fd5d6166418b4433659108a4c311b57128b2d/pydantic_core-2.46.1.tar.gz", hash = "sha256:d408153772d9f298098fb5d620f045bdf0f017af0d5cb6e309ef8c205540caa4", size = 471230, upload-time = "2026-04-15T14:49:34.52Z" }
wheels = [
    { url = "https://files.pythonhosted.org/packages/ce/fb/caaa8ee23861c170f07dbd58fc2be3a2c02a32637693cbb23eef02e84808/pydantic_core-2.46.1-cp312-cp312-macosx_10_12_x86_64.whl", hash = "sha256:ae8c8c5eb4c796944f3166f2f0dab6c761c2c2cc5bd20e5f692128be8600b9a4", size = 2119472, upload-time = "2026-04-15T14:49:45.946Z" },
    { url = "https://files.pythonhosted.org/packages/fa/61/bcffaa52894489ff89e5e1cdde67429914bf083c0db7296bef153020f786/pydantic_core-2.46.1-cp312-cp312-macosx_11_0_arm64.whl", hash = "sha256:daba6f5f5b986aa0682623a1a4f8d1ecb0ec00ce09cfa9ca71a3b742bc383e3a", size = 1951230, upload-time = "2026-04-15T14:52:27.646Z" },
    { url = "https://files.pythonhosted.org/packages/f8/95/80d2f43a2a1a1e3220fd329d614aa5a39e0a75d24353a3aaf226e605f1c2/pydantic_core-2.46.1-cp312-cp312-manylinux_2_17_aarch64.manylinux2014_aarch64.whl", hash = "sha256:0265f3a2460539ecc97817a80c7a23c458dd84191229b655522a2674f701f14e", size = 1976394, upload-time = "2026-04-15T14:50:32.742Z" },
    { url = "https://files.pythonhosted.org/packages/8d/31/2c5b1a207926b5fc1961a2d11da940129bc3841c36cc4df03014195b2966/pydantic_core-2.46.1-cp312-cp312-manylinux_2_17_armv7l.manylinux2014_armv7l.whl", hash = "sha256:bb16c0156c4b4e94aa3719138cc43c53d30ff21126b6a3af63786dcc0757b56e", size = 2068455, upload-time = "2026-04-15T14:50:01.286Z" },
    { url = "https://files.pythonhosted.org/packages/7d/36/c6aa07274359a51ac62895895325ce90107e811c6cea39d2617a99ef10d7/pydantic_core-2.46.1-cp312-cp312-manylinux_2_17_ppc64le.manylinux2014_ppc64le.whl", hash = "sha256:1b42d80fad8e4b283e1e4138f1142f0d038c46d137aad2f9824ad9086080dd41", size = 2239049, upload-time = "2026-04-15T14:53:02.216Z" },
    { url = "https://files.pythonhosted.org/packages/0a/3f/77cdd0db8bddc714842dfd93f737c863751cf02001c993341504f6b0cd53/pydantic_core-2.46.1-cp312-cp312-manylinux_2_17_s390x.manylinux2014_s390x.whl", hash = "sha256:9cced85896d5b795293bc36b7e2fb0347a36c828551b50cbba510510d928548c", size = 2318681, upload-time = "2026-04-15T14:50:04.539Z" },
    { url = "https://files.pythonhosted.org/packages/a1/a3/09d929a40e6727274b0b500ad06e1b3f35d4f4665ae1c8ba65acbb17e9b5/pydantic_core-2.46.1-cp312-cp312-manylinux_2_17_x86_64.manylinux2014_x86_64.whl", hash = "sha256:a641cb1e74b44c418adaf9f5f450670dbec53511f030d8cde8d8accb66edc363", size = 2096527, upload-time = "2026-04-15T14:53:14.766Z" },
    { url = "https://files.pythonhosted.org/packages/89/ae/544c3a82456ebc254a9fcbe2715bab76c70acf9d291aaea24391147943e4/pydantic_core-2.46.1-cp312-cp312-manylinux_2_31_riscv64.whl", hash = "sha256:191e7a122ab14eb12415fe3f92610fc06c7f1d2b4b9101d24d490d447ac92506", size = 2170407, upload-time = "2026-04-15T14:51:27.138Z" },
    { url = "https://files.pythonhosted.org/packages/9d/ce/0dfd881c7af4c522f47b325707bd9a2cdcf4f40e4f2fd30df0e9a3e8d393/pydantic_core-2.46.1-cp312-cp312-manylinux_2_5_i686.manylinux1_i686.whl", hash = "sha256:4fe4ff660f7938b5d92f21529ce331b011aa35e481ab64b7cd03f52384e544bb", size = 2188578, upload-time = "2026-04-15T14:50:39.655Z" },
    { url = "https://files.pythonhosted.org/packages/a1/e9/980ea2a6d5114dd1a62ecc5f56feb3d34555f33bd11043f042e5f7f0724a/pydantic_core-2.46.1-cp312-cp312-musllinux_1_1_aarch64.whl", hash = "sha256:18fcea085b3adc3868d8d19606da52d7a52d8bccd8e28652b0778dbe5e6a6660", size = 2188959, upload-time = "2026-04-15T14:52:42.243Z" },
    { url = "https://files.pythonhosted.org/packages/e7/f1/595e0f50f4bfc56cde2fe558f2b0978f29f2865da894c6226231e17464a5/pydantic_core-2.46.1-cp312-cp312-musllinux_1_1_armv7l.whl", hash = "sha256:e8e589e7c9466e022d79e13c5764c2239b2e5a7993ba727822b021234f89b56b", size = 2339973, upload-time = "2026-04-15T14:52:10.642Z" },
    { url = "https://files.pythonhosted.org/packages/49/44/be9f979a6ab6b8c36865ccd92c3a38a760c66055e1f384665f35525134c4/pydantic_core-2.46.1-cp312-cp312-musllinux_1_1_x86_64.whl", hash = "sha256:f78eb3d4027963bdc9baccd177f02a98bf8714bc51fe17153d8b51218918b5bc", size = 2385228, upload-time = "2026-04-15T14:51:00.77Z" },
    { url = "https://files.pythonhosted.org/packages/5b/d4/c826cd711787d240219f01d0d3ca116cb55516b8b95277820aa9c85e1882/pydantic_core-2.46.1-cp312-cp312-win32.whl", hash = "sha256:54fe30c20cab03844dc63bdc6ddca67f74a2eb8482df69c1e5f68396856241be", size = 1978828, upload-time = "2026-04-15T14:50:29.362Z" },
    { url = "https://files.pythonhosted.org/packages/22/05/8a1fcf8181be4c7a9cfc34e5fbf2d9c3866edc9dfd3c48d5401806e0a523/pydantic_core-2.46.1-cp312-cp312-win_amd64.whl", hash = "sha256:aea4e22ed4c53f2774221435e39969a54d2e783f4aee902cdd6c8011415de893", size = 2070015, upload-time = "2026-04-15T14:49:47.301Z" },
    { url = "https://files.pythonhosted.org/packages/61/d5/fea36ad2882b99c174ef4ffbc7ea6523f6abe26060fbc1f77d6441670232/pydantic_core-2.46.1-cp312-cp312-win_arm64.whl", hash = "sha256:f76fb49c34b4d66aa6e552ce9e852ea97a3a06301a9f01ae82f23e449e3a55f8", size = 2030176, upload-time = "2026-04-15T14:50:47.307Z" },
    { url = "https://files.pythonhosted.org/packages/ff/d2/bda39bad2f426cb5078e6ad28076614d3926704196efe0d7a2a19a99025d/pydantic_core-2.46.1-cp313-cp313-macosx_10_12_x86_64.whl", hash = "sha256:cdc8a5762a9c4b9d86e204d555444e3227507c92daba06259ee66595834de47a", size = 2119092, upload-time = "2026-04-15T14:49:50.392Z" },
    { url = "https://files.pythonhosted.org/packages/ee/f3/69631e64d69cb3481494b2bddefe0ddd07771209f74e9106d066f9138c2a/pydantic_core-2.46.1-cp313-cp313-macosx_11_0_arm64.whl", hash = "sha256:ba381dfe9c85692c566ecb60fa5a77a697a2a8eebe274ec5e4d6ec15fafad799", size = 1951400, upload-time = "2026-04-15T14:51:06.588Z" },
    { url = "https://files.pythonhosted.org/packages/53/1c/21cb3db6ae997df31be8e91f213081f72ffa641cb45c89b8a1986832b1f9/pydantic_core-2.46.1-cp313-cp313-manylinux_2_17_aarch64.manylinux2014_aarch64.whl", hash = "sha256:1593d8de98207466dc070118322fef68307a0cc6a5625e7b386f6fdae57f9ab6", size = 1976864, upload-time = "2026-04-15T14:50:54.804Z" },
    { url = "https://files.pythonhosted.org/packages/91/9c/05c819f734318ce5a6ca24da300d93696c105af4adb90494ee571303afd8/pydantic_core-2.46.1-cp313-cp313-manylinux_2_17_armv7l.manylinux2014_armv7l.whl", hash = "sha256:8262c74a1af5b0fdf795f5537f7145785a63f9fbf9e15405f547440c30017ed8", size = 2066669, upload-time = "2026-04-15T14:51:42.346Z" },
    { url = "https://files.pythonhosted.org/packages/cb/23/fadddf1c7f2f517f58731aea9b35c914e6005250f08dac9b8e53904cdbaa/pydantic_core-2.46.1-cp313-cp313-manylinux_2_17_ppc64le.manylinux2014_ppc64le.whl", hash = "sha256:4b88949a24182e83fbbb3f7ca9b7858d0d37b735700ea91081434b7d37b3b444", size = 2238737, upload-time = "2026-04-15T14:50:45.558Z" },
    { url = "https://files.pythonhosted.org/packages/23/07/0cd4f95cb0359c8b1ec71e89c3777e7932c8dfeb9cd54740289f310aaead/pydantic_core-2.46.1-cp313-cp313-manylinux_2_17_s390x.manylinux2014_s390x.whl", hash = "sha256:b8f3708cd55537aeaf3fd0ea55df0d68d0da51dcb07cbc8508745b34acc4c6e0", size = 2316258, upload-time = "2026-04-15T14:51:08.471Z" },
    { url = "https://files.pythonhosted.org/packages/0c/40/6fc24c3766a19c222a0d60d652b78f0283339d4cd4c173fab06b7ee76571/pydantic_core-2.46.1-cp313-cp313-manylinux_2_17_x86_64.manylinux2014_x86_64.whl", hash = "sha256:f79292435fff1d4f0c18d9cfaf214025cc88e4f5104bfaed53f173621da1c743", size = 2097474, upload-time = "2026-04-15T14:49:56.543Z" },
    { url = "https://files.pythonhosted.org/packages/4b/af/f39795d1ce549e35d0841382b9c616ae211caffb88863147369a8d74fba9/pydantic_core-2.46.1-cp313-cp313-manylinux_2_31_riscv64.whl", hash = "sha256:a2e607aeb59cf4575bb364470288db3b9a1f0e7415d053a322e3e154c1a0802e", size = 2168383, upload-time = "2026-04-15T14:51:29.269Z" },
    { url = "https://files.pythonhosted.org/packages/e6/32/0d563f74582795779df6cc270c3fc220f49f4daf7860d74a5a6cda8491ff/pydantic_core-2.46.1-cp313-cp313-manylinux_2_5_i686.manylinux1_i686.whl", hash = "sha256:ec5ca190b75878a9f6ae1fc8f5eb678497934475aef3d93204c9fa01e97370b6", size = 2186182, upload-time = "2026-04-15T14:50:19.097Z" },
    { url = "https://files.pythonhosted.org/packages/5c/07/1c10d5ce312fc4cf86d1e50bdcdbb8ef248409597b099cab1b4bb3a093f7/pydantic_core-2.46.1-cp313-cp313-musllinux_1_1_aarch64.whl", hash = "sha256:1f80535259dcdd517d7b8ca588d5ca24b4f337228e583bebedf7a3adcdf5f721", size = 2187859, upload-time = "2026-04-15T14:49:22.974Z" },
    { url = "https://files.pythonhosted.org/packages/92/01/e1f62d4cb39f0913dbf5c95b9b119ef30ddba9493dff8c2b012f0cdd67dc/pydantic_core-2.46.1-cp313-cp313-musllinux_1_1_armv7l.whl", hash = "sha256:24820b3c82c43df61eca30147e42853e6c127d8b868afdc0c162df829e011eb4", size = 2338372, upload-time = "2026-04-15T14:49:53.316Z" },
    { url = "https://files.pythonhosted.org/packages/44/ed/218dfeea6127fb1781a6ceca241ec6edf00e8a8933ff331af2215975a534/pydantic_core-2.46.1-cp313-cp313-musllinux_1_1_x86_64.whl", hash = "sha256:f12794b1dd8ac9fb66619e0b3a0427189f5d5638e55a3de1385121a9b7bf9b39", size = 2384039, upload-time = "2026-04-15T14:53:04.929Z" },
    { url = "https://files.pythonhosted.org/packages/6c/1e/011e763cd059238249fbd5780e0f8d0b04b47f86c8925e22784f3e5fc977/pydantic_core-2.46.1-cp313-cp313-win32.whl", hash = "sha256:9bc09aed935cdf50f09e908923f9efbcca54e9244bd14a5a0e2a6c8d2c21b4e9", size = 1977943, upload-time = "2026-04-15T14:52:17.969Z" },
    { url = "https://files.pythonhosted.org/packages/8c/06/b559a490d3ed106e9b1777b8d5c8112dd8d31716243cd662616f66c1f8ea/pydantic_core-2.46.1-cp313-cp313-win_amd64.whl", hash = "sha256:fac2d6c8615b8b42bee14677861ba09d56ee076ba4a65cfb9c3c3d0cc89042f2", size = 2068729, upload-time = "2026-04-15T14:53:07.288Z" },
    { url = "https://files.pythonhosted.org/packages/9f/52/32a198946e2e19508532aa9da02a61419eb15bd2d96bab57f810f2713e31/pydantic_core-2.46.1-cp313-cp313-win_arm64.whl", hash = "sha256:f978329f12ace9f3cb814a5e44d98bbeced2e36f633132bafa06d2d71332e33e", size = 2029550, upload-time = "2026-04-15T14:52:22.707Z" },
    { url = "https://files.pythonhosted.org/packages/bd/2b/6793fe89ab66cb2d3d6e5768044eab80bba1d0fae8fd904d0a1574712e17/pydantic_core-2.46.1-cp314-cp314-macosx_10_12_x86_64.whl", hash = "sha256:9917cb61effac7ec0f448ef491ec7584526d2193be84ff981e85cbf18b68c42a", size = 2118110, upload-time = "2026-04-15T14:50:52.947Z" },
    { url = "https://files.pythonhosted.org/packages/d2/87/e9a905ddfcc2fd7bd862b340c02be6ab1f827922822d425513635d0ac774/pydantic_core-2.46.1-cp314-cp314-macosx_11_0_arm64.whl", hash = "sha256:0e749679ca9f8a9d0bff95fb7f6b57bb53f2207fa42ffcc1ec86de7e0029ab89", size = 1948645, upload-time = "2026-04-15T14:51:55.577Z" },
    { url = "https://files.pythonhosted.org/packages/15/23/26e67f86ed62ac9d6f7f3091ee5220bf14b5ac36fb811851d601365ef896/pydantic_core-2.46.1-cp314-cp314-manylinux_2_17_aarch64.manylinux2014_aarch64.whl", hash = "sha256:f2ecacee70941e233a2dad23f7796a06f86cc10cc2fbd1c97c7dd5b5a79ffa4f", size = 1977576, upload-time = "2026-04-15T14:49:37.58Z" },
    { url = "https://files.pythonhosted.org/packages/b8/78/813c13c0de323d4de54ee2e6fdd69a0271c09ac8dd65a8a000931aa487a5/pydantic_core-2.46.1-cp314-cp314-manylinux_2_17_armv7l.manylinux2014_armv7l.whl", hash = "sha256:647d0a2475b8ed471962eed92fa69145b864942f9c6daa10f95ac70676637ae7", size = 2060358, upload-time = "2026-04-15T14:51:40.087Z" },
    { url = "https://files.pythonhosted.org/packages/09/5e/4caf2a15149271fbd2b4d968899a450853c800b85152abcf54b11531417f/pydantic_core-2.46.1-cp314-cp314-manylinux_2_17_ppc64le.manylinux2014_ppc64le.whl", hash = "sha256:ac9cde61965b0697fce6e6cc372df9e1ad93734828aac36e9c1c42a22ad02897", size = 2235980, upload-time = "2026-04-15T14:50:34.535Z" },
    { url = "https://files.pythonhosted.org/packages/c2/c1/a2cdabb5da6f5cb63a3558bcafffc20f790fa14ccffbefbfb1370fadc93f/pydantic_core-2.46.1-cp314-cp314-manylinux_2_17_s390x.manylinux2014_s390x.whl", hash = "sha256:0a2eb0864085f8b641fb3f54a2fb35c58aff24b175b80bc8a945050fcde03204", size = 2316800, upload-time = "2026-04-15T14:52:46.999Z" },
    { url = "https://files.pythonhosted.org/packages/76/fd/19d711e4e9331f9d77f222bffc202bf30ea0d74f6419046376bb82f244c8/pydantic_core-2.46.1-cp314-cp314-manylinux_2_17_x86_64.manylinux2014_x86_64.whl", hash = "sha256:b83ce9fede4bc4fb649281d9857f06d30198b8f70168f18b987518d713111572", size = 2101762, upload-time = "2026-04-15T14:49:24.278Z" },
    { url = "https://files.pythonhosted.org/packages/dc/64/ce95625448e1a4e219390a2923fd594f3fa368599c6b42ac71a5df7238c9/pydantic_core-2.46.1-cp314-cp314-manylinux_2_31_riscv64.whl", hash = "sha256:cb33192753c60f269d2f4a1db8253c95b0df6e04f2989631a8cc1b0f4f6e2e92", size = 2167737, upload-time = "2026-04-15T14:50:41.637Z" },
    { url = "https://files.pythonhosted.org/packages/ad/31/413572d03ca3e73b408f00f54418b91a8be6401451bc791eaeff210328e5/pydantic_core-2.46.1-cp314-cp314-manylinux_2_5_i686.manylinux1_i686.whl", hash = "sha256:96611d51f953f87e1ae97637c01ee596a08b7f494ea00a5afb67ea6547b9f53b", size = 2185658, upload-time = "2026-04-15T14:51:46.799Z" },
    { url = "https://files.pythonhosted.org/packages/36/09/e4f581353bdf3f0c7de8a8b27afd14fc761da29d78146376315a6fedc487/pydantic_core-2.46.1-cp314-cp314-musllinux_1_1_aarch64.whl", hash = "sha256:9b176fa55f9107db5e6c86099aa5bfd934f1d3ba6a8b43f714ddeebaed3f42b7", size = 2184154, upload-time = "2026-04-15T14:52:49.629Z" },
    { url = "https://files.pythonhosted.org/packages/1a/a4/d0d52849933f5a4bf1ad9d8da612792f96469b37e286a269e3ee9c60bbb1/pydantic_core-2.46.1-cp314-cp314-musllinux_1_1_armv7l.whl", hash = "sha256:79a59f63a4ce4f3330e27e6f3ce281dd1099453b637350e97d7cf24c207cd120", size = 2332379, upload-time = "2026-04-15T14:49:55.009Z" },
    { url = "https://files.pythonhosted.org/packages/30/93/25bfb08fdbef419f73290e573899ce938a327628c34e8f3a4bafeea30126/pydantic_core-2.46.1-cp314-cp314-musllinux_1_1_x86_64.whl", hash = "sha256:f200fce071808a385a314b7343f5e3688d7c45746be3d64dc71ee2d3e2a13268", size = 2377964, upload-time = "2026-04-15T14:51:59.649Z" },
    { url = "https://files.pythonhosted.org/packages/15/36/b777766ff83fef1cf97473d64764cd44f38e0d8c269ed06faace9ae17666/pydantic_core-2.46.1-cp314-cp314-win32.whl", hash = "sha256:3a07eccc0559fb9acc26d55b16bf8ebecd7f237c74a9e2c5741367db4e6d8aff", size = 1976450, upload-time = "2026-04-15T14:51:57.665Z" },
    { url = "https://files.pythonhosted.org/packages/7b/4b/4cd19d2437acfc18ca166db5a2067040334991eb862c4ecf2db098c91fbf/pydantic_core-2.46.1-cp314-cp314-win_amd64.whl", hash = "sha256:1706d270309ac7d071ffe393988c471363705feb3d009186e55d17786ada9622", size = 2067750, upload-time = "2026-04-15T14:49:38.941Z" },
    { url = "https://files.pythonhosted.org/packages/7f/a0/490751c0ef8f5b27aae81731859aed1508e72c1a9b5774c6034269db773b/pydantic_core-2.46.1-cp314-cp314-win_arm64.whl", hash = "sha256:22d4e7457ade8af06528012f382bc994a97cc2ce6e119305a70b3deff1e409d6", size = 2021109, upload-time = "2026-04-15T14:50:27.728Z" },
    { url = "https://files.pythonhosted.org/packages/36/3a/2a018968245fffd25d5f1972714121ad309ff2de19d80019ad93494844f9/pydantic_core-2.46.1-cp314-cp314t-macosx_10_12_x86_64.whl", hash = "sha256:607ff9db0b7e2012e7eef78465e69f9a0d7d1c3e7c6a84cf0c4011db0fcc3feb", size = 2111548, upload-time = "2026-04-15T14:52:08.273Z" },
    { url = "https://files.pythonhosted.org/packages/77/5b/4103b6192213217e874e764e5467d2ff10d8873c1147d01fa432ac281880/pydantic_core-2.46.1-cp314-cp314t-macosx_11_0_arm64.whl", hash = "sha256:8cda3eacaea13bd02a1bea7e457cc9fc30b91c5a91245cef9b215140f80dd78c", size = 1926745, upload-time = "2026-04-15T14:50:03.045Z" },
    { url = "https://files.pythonhosted.org/packages/c3/70/602a667cf4be4bec6c3334512b12ae4ea79ce9bfe41dc51be1fd34434453/pydantic_core-2.46.1-cp314-cp314t-manylinux_2_17_aarch64.manylinux2014_aarch64.whl", hash = "sha256:b9493279cdc7997fe19e5ed9b41f30cbc3806bd4722adb402fedb6f6d41bd72a", size = 1965922, upload-time = "2026-04-15T14:51:12.555Z" },
    { url = "https://files.pythonhosted.org/packages/a9/24/06a89ce5323e755b7d2812189f9706b87aaebe49b34d247b380502f7992c/pydantic_core-2.46.1-cp314-cp314t-manylinux_2_17_armv7l.manylinux2014_armv7l.whl", hash = "sha256:3644e5e10059999202355b6c6616e624909e23773717d8f76deb8a6e2a72328c", size = 2043221, upload-time = "2026-04-15T14:51:18.995Z" },
    { url = "https://files.pythonhosted.org/packages/2c/6e/b1d9ad907d9d76964903903349fd2e33c87db4b993cc44713edcad0fc488/pydantic_core-2.46.1-cp314-cp314t-manylinux_2_17_ppc64le.manylinux2014_ppc64le.whl", hash = "sha256:4ad6c9de57683e26c92730991960c0c3571b8053263b042de2d3e105930b2767", size = 2243655, upload-time = "2026-04-15T14:50:10.718Z" },
    { url = "https://files.pythonhosted.org/packages/ef/73/787abfaad51174641abb04c8aa125322279b40ad7ce23c495f5a69f76554/pydantic_core-2.46.1-cp314-cp314t-manylinux_2_17_s390x.manylinux2014_s390x.whl", hash = "sha256:557ebaa27c7617e7088002318c679a8ce685fa048523417cd1ca52b7f516d955", size = 2295976, upload-time = "2026-04-15T14:53:09.694Z" },
    { url = "https://files.pythonhosted.org/packages/56/0b/b7c5a631b6d5153d4a1ea4923b139aea256dc3bd99c8e6c7b312c7733146/pydantic_core-2.46.1-cp314-cp314t-manylinux_2_17_x86_64.manylinux2014_x86_64.whl", hash = "sha256:3cd37e39b22b796ba0298fe81e9421dd7b65f97acfbb0fb19b33ffdda7b9a7b4", size = 2103439, upload-time = "2026-04-15T14:50:08.32Z" },
    { url = "https://files.pythonhosted.org/packages/2a/3f/952ee470df69e5674cdec1cbde22331adf643b5cc2ff79f4292d80146ee4/pydantic_core-2.46.1-cp314-cp314t-manylinux_2_31_riscv64.whl", hash = "sha256:6689443b59714992e67d62505cdd2f952d6cf1c14cc9fd9aeec6719befc6f23b", size = 2132871, upload-time = "2026-04-15T14:50:24.445Z" },
    { url = "https://files.pythonhosted.org/packages/e3/8b/1dea3b1e683c60c77a60f710215f90f486755962aa8939dbcb7c0f975ac3/pydantic_core-2.46.1-cp314-cp314t-manylinux_2_5_i686.manylinux1_i686.whl", hash = "sha256:6f32c41ca1e3456b5dd691827b7c1433c12d5f0058cc186afbb3615bc07d97b8", size = 2168658, upload-time = "2026-04-15T14:52:24.897Z" },
    { url = "https://files.pythonhosted.org/packages/67/97/32ae283810910d274d5ba9f48f856f5f2f612410b78b249f302d297816f5/pydantic_core-2.46.1-cp314-cp314t-musllinux_1_1_aarch64.whl", hash = "sha256:88cd1355578852db83954dc36e4f58f299646916da976147c20cf6892ba5dc43", size = 2171184, upload-time = "2026-04-15T14:52:34.854Z" },
    { url = "https://files.pythonhosted.org/packages/a2/57/c9a855527fe56c2072070640221f53095b0b19eaf651f3c77643c9cabbe3/pydantic_core-2.46.1-cp314-cp314t-musllinux_1_1_armv7l.whl", hash = "sha256:a170fefdb068279a473cc9d34848b85e61d68bfcc2668415b172c5dfc6f213bf", size = 2316573, upload-time = "2026-04-15T14:52:12.871Z" },
    { url = "https://files.pythonhosted.org/packages/37/b3/14c39ffc7399819c5448007c7bcb4e6da5669850cfb7dcbb727594290b48/pydantic_core-2.46.1-cp314-cp314t-musllinux_1_1_x86_64.whl", hash = "sha256:556a63ff1006934dba4eed7ea31b58274c227e29298ec398e4275eda4b905e95", size = 2378340, upload-time = "2026-04-15T14:51:02.619Z" },
    { url = "https://files.pythonhosted.org/packages/01/55/a37461fbb29c053ea4e62cfc5c2d56425cb5efbef8316e63f6d84ae45718/pydantic_core-2.46.1-cp314-cp314t-win32.whl", hash = "sha256:3b146d8336a995f7d7da6d36e4a779b7e7dff2719ac00a1eb8bd3ded00bec87b", size = 1960843, upload-time = "2026-04-15T14:52:06.103Z" },
    { url = "https://files.pythonhosted.org/packages/22/d7/97e1221197d17a27f768363f87ec061519eeeed15bbd315d2e9d1429ff03/pydantic_core-2.46.1-cp314-cp314t-win_amd64.whl", hash = "sha256:f1bc856c958e6fe9ec071e210afe6feb695f2e2e81fd8d2b102f558d364c4c17", size = 2048696, upload-time = "2026-04-15T14:52:52.154Z" },
    { url = "https://files.pythonhosted.org/packages/19/d5/4eac95255c7d35094b46a32ec1e4d80eac94729c694726ee1d69948bd5f0/pydantic_core-2.46.1-cp314-cp314t-win_arm64.whl", hash = "sha256:21a5bfd8a1aa4de60494cdf66b0c912b1495f26a8899896040021fbd6038d989", size = 2022343, upload-time = "2026-04-15T14:49:49.036Z" },
    { url = "https://files.pythonhosted.org/packages/f4/97/95de673a1356a88b2efdaa120eb6af357a81555c35f6809a7a1423ff7aef/pydantic_core-2.46.1-graalpy312-graalpy250_312_native-macosx_10_12_x86_64.whl", hash = "sha256:5f9107a24a4bc00293434dfa95cf8968751ad0dd703b26ea83a75a56f7326041", size = 2107564, upload-time = "2026-04-15T14:50:49.14Z" },
    { url = "https://files.pythonhosted.org/packages/00/fc/a7c16d85211ea9accddc693b7d049f20b0c06440d9264d1e1c074394ee6c/pydantic_core-2.46.1-graalpy312-graalpy250_312_native-macosx_11_0_arm64.whl", hash = "sha256:2b1801ba99876984d0a03362782819238141c4d0f3f67f69093663691332fc35", size = 1939925, upload-time = "2026-04-15T14:50:36.188Z" },
    { url = "https://files.pythonhosted.org/packages/2e/23/87841169d77820ddabeb81d82002c95dcb82163846666d74f5bdeeaec750/pydantic_core-2.46.1-graalpy312-graalpy250_312_native-manylinux_2_17_aarch64.manylinux2014_aarch64.whl", hash = "sha256:b7fd82a91a20ed6d54fa8c91e7a98255b1ff45bf09b051bfe7fe04eb411e232e", size = 1995313, upload-time = "2026-04-15T14:50:22.538Z" },
    { url = "https://files.pythonhosted.org/packages/ea/96/b46609359a354fa9cd336fc5d93334f1c358b756cc81e4b397347a88fa6f/pydantic_core-2.46.1-graalpy312-graalpy250_312_native-manylinux_2_17_x86_64.manylinux2014_x86_64.whl", hash = "sha256:0f135bf07c92c93def97008bc4496d16934da9efefd7204e5f22a2c92523cb1f", size = 2151197, upload-time = "2026-04-15T14:51:22.925Z" },
]

[[package]]
name = "pygments"
version = "2.19.2"
source = { registry = "https://pypi.org/simple" }
sdist = { url = "https://files.pythonhosted.org/packages/b0/77/a5b8c569bf593b0140bde72ea885a803b82086995367bf2037de0159d924/pygments-2.19.2.tar.gz", hash = "sha256:636cb2477cec7f8952536970bc533bc43743542f70392ae026374600add5b887", size = 4968631, upload-time = "2025-06-21T13:39:12.283Z" }
wheels = [
    { url = "https://files.pythonhosted.org/packages/c7/21/705964c7812476f378728bdf590ca4b771ec72385c533964653c68e86bdc/pygments-2.19.2-py3-none-any.whl", hash = "sha256:86540386c03d588bb81d44bc3928634ff26449851e99741617ecb9037ee5ec0b", size = 1225217, upload-time = "2025-06-21T13:39:07.939Z" },
]

[[package]]
name = "pytest"
version = "9.0.3"
source = { registry = "https://pypi.org/simple" }
dependencies = [
    { name = "colorama", marker = "sys_platform == 'win32'" },
    { name = "iniconfig" },
    { name = "packaging" },
    { name = "pluggy" },
    { name = "pygments" },
]
sdist = { url = "https://files.pythonhosted.org/packages/7d/0d/549bd94f1a0a402dc8cf64563a117c0f3765662e2e668477624baeec44d5/pytest-9.0.3.tar.gz", hash = "sha256:b86ada508af81d19edeb213c681b1d48246c1a91d304c6c81a427674c17eb91c", size = 1572165, upload-time = "2026-04-07T17:16:18.027Z" }
wheels = [
    { url = "https://files.pythonhosted.org/packages/d4/24/a372aaf5c9b7208e7112038812994107bc65a84cd00e0354a88c2c77a617/pytest-9.0.3-py3-none-any.whl", hash = "sha256:2c5efc453d45394fdd706ade797c0a81091eccd1d6e4bccfcd476e2b8e0ab5d9", size = 375249, upload-time = "2026-04-07T17:16:16.13Z" },
]

[[package]]
name = "requests"
version = "2.33.1"
source = { registry = "https://pypi.org/simple" }
dependencies = [
    { name = "certifi" },
    { name = "charset-normalizer" },
    { name = "idna" },
    { name = "urllib3" },
]
sdist = { url = "https://files.pythonhosted.org/packages/5f/a4/98b9c7c6428a668bf7e42ebb7c79d576a1c3c1e3ae2d47e674b468388871/requests-2.33.1.tar.gz", hash = "sha256:18817f8c57c6263968bc123d237e3b8b08ac046f5456bd1e307ee8f4250d3517", size = 134120, upload-time = "2026-03-30T16:09:15.531Z" }
wheels = [
    { url = "https://files.pythonhosted.org/packages/d7/8e/7540e8a2036f79a125c1d2ebadf69ed7901608859186c856fa0388ef4197/requests-2.33.1-py3-none-any.whl", hash = "sha256:4e6d1ef462f3626a1f0a0a9c42dd93c63bad33f9f1c1937509b8c5c8718ab56a", size = 64947, upload-time = "2026-03-30T16:09:13.83Z" },
]

[[package]]
name = "requests-mock"
version = "1.12.1"
source = { registry = "https://pypi.org/simple" }
dependencies = [
    { name = "requests" },
]
sdist = { url = "https://files.pythonhosted.org/packages/92/32/587625f91f9a0a3d84688bf9cfc4b2480a7e8ec327cefd0ff2ac891fd2cf/requests-mock-1.12.1.tar.gz", hash = "sha256:e9e12e333b525156e82a3c852f22016b9158220d2f47454de9cae8a77d371401", size = 60901, upload-time = "2024-03-29T03:54:29.446Z" }
wheels = [
    { url = "https://files.pythonhosted.org/packages/97/ec/889fbc557727da0c34a33850950310240f2040f3b1955175fdb2b36a8910/requests_mock-1.12.1-py2.py3-none-any.whl", hash = "sha256:b1e37054004cdd5e56c84454cc7df12b25f90f382159087f4b6915aaeef39563", size = 27695, upload-time = "2024-03-29T03:54:27.64Z" },
]

[[package]]
name = "ruff"
version = "0.15.10"
source = { registry = "https://pypi.org/simple" }
sdist = { url = "https://files.pythonhosted.org/packages/e7/d9/aa3f7d59a10ef6b14fe3431706f854dbf03c5976be614a9796d36326810c/ruff-0.15.10.tar.gz", hash = "sha256:d1f86e67ebfdef88e00faefa1552b5e510e1d35f3be7d423dc7e84e63788c94e", size = 4631728, upload-time = "2026-04-09T14:06:09.884Z" }
wheels = [
    { url = "https://files.pythonhosted.org/packages/eb/00/a1c2fdc9939b2c03691edbda290afcd297f1f389196172826b03d6b6a595/ruff-0.15.10-py3-none-linux_armv6l.whl", hash = "sha256:0744e31482f8f7d0d10a11fcbf897af272fefdfcb10f5af907b18c2813ff4d5f", size = 10563362, upload-time = "2026-04-09T14:06:21.189Z" },
    { url = "https://files.pythonhosted.org/packages/5c/15/006990029aea0bebe9d33c73c3e28c80c391ebdba408d1b08496f00d422d/ruff-0.15.10-py3-none-macosx_10_12_x86_64.whl", hash = "sha256:b1e7c16ea0ff5a53b7c2df52d947e685973049be1cdfe2b59a9c43601897b22e", size = 10951122, upload-time = "2026-04-09T14:06:02.236Z" },
    { url = "https://files.pythonhosted.org/packages/f2/c0/4ac978fe874d0618c7da647862afe697b281c2806f13ce904ad652fa87e4/ruff-0.15.10-py3-none-macosx_11_0_arm64.whl", hash = "sha256:93cc06a19e5155b4441dd72808fdf84290d84ad8a39ca3b0f994363ade4cebb1", size = 10314005, upload-time = "2026-04-09T14:06:00.026Z" },
    { url = "https://files.pythonhosted.org/packages/da/73/c209138a5c98c0d321266372fc4e33ad43d506d7e5dd817dd89b60a8548f/ruff-0.15.10-py3-none-manylinux_2_17_aarch64.manylinux2014_aarch64.whl", hash = "sha256:83e1dd04312997c99ea6965df66a14fb4f03ba978564574ffc68b0d61fd3989e", size = 10643450, upload-time = "2026-04-09T14:05:42.137Z" },
    { url = "https://files.pythonhosted.org/packages/ec/76/0deec355d8ec10709653635b1f90856735302cb8e149acfdf6f82a5feb70/ruff-0.15.10-py3-none-manylinux_2_17_armv7l.manylinux2014_armv7l.whl", hash = "sha256:8154d43684e4333360fedd11aaa40b1b08a4e37d8ffa9d95fee6fa5b37b6fab1", size = 10379597, upload-time = "2026-04-09T14:05:49.984Z" },
    { url = "https://files.pythonhosted.org/packages/dc/be/86bba8fc8798c081e28a4b3bb6d143ccad3fd5f6f024f02002b8f08a9fa3/ruff-0.15.10-py3-none-manylinux_2_17_i686.manylinux2014_i686.whl", hash = "sha256:8ab88715f3a6deb6bde6c227f3a123410bec7b855c3ae331b4c006189e895cef", size = 11146645, upload-time = "2026-04-09T14:06:12.246Z" },
    { url = "https://files.pythonhosted.org/packages/a8/89/140025e65911b281c57be1d385ba1d932c2366ca88ae6663685aed8d4881/ruff-0.15.10-py3-none-manylinux_2_17_ppc64le.manylinux2014_ppc64le.whl", hash = "sha256:a768ff5969b4f44c349d48edf4ab4f91eddb27fd9d77799598e130fb628aa158", size = 12030289, upload-time = "2026-04-09T14:06:04.776Z" },
    { url = "https://files.pythonhosted.org/packages/88/de/ddacca9545a5e01332567db01d44bd8cf725f2db3b3d61a80550b48308ea/ruff-0.15.10-py3-none-manylinux_2_17_s390x.manylinux2014_s390x.whl", hash = "sha256:0ee3ef42dab7078bda5ff6a1bcba8539e9857deb447132ad5566a038674540d0", size = 11496266, upload-time = "2026-04-09T14:05:55.485Z" },
    { url = "https://files.pythonhosted.org/packages/bc/bb/7ddb00a83760ff4a83c4e2fc231fd63937cc7317c10c82f583302e0f6586/ruff-0.15.10-py3-none-manylinux_2_17_x86_64.manylinux2014_x86_64.whl", hash = "sha256:51cb8cc943e891ba99989dd92d61e29b1d231e14811db9be6440ecf25d5c1609", size = 11256418, upload-time = "2026-04-09T14:05:57.69Z" },
    { url = "https://files.pythonhosted.org/packages/dc/8d/55de0d35aacf6cd50b6ee91ee0f291672080021896543776f4170fc5c454/ruff-0.15.10-py3-none-manylinux_2_31_riscv64.whl", hash = "sha256:e59c9bdc056a320fb9ea1700a8d591718b8faf78af065484e801258d3a76bc3f", size = 11288416, upload-time = "2026-04-09T14:05:44.695Z" },
    { url = "https://files.pythonhosted.org/packages/68/cf/9438b1a27426ec46a80e0a718093c7f958ef72f43eb3111862949ead3cc1/ruff-0.15.10-py3-none-musllinux_1_2_aarch64.whl", hash = "sha256:136c00ca2f47b0018b073f28cb5c1506642a830ea941a60354b0e8bc8076b151", size = 10621053, upload-time = "2026-04-09T14:05:52.782Z" },
    { url = "https://files.pythonhosted.org/packages/4c/50/e29be6e2c135e9cd4cb15fbade49d6a2717e009dff3766dd080fcb82e251/ruff-0.15.10-py3-none-musllinux_1_2_armv7l.whl", hash = "sha256:8b80a2f3c9c8a950d6237f2ca12b206bccff626139be9fa005f14feb881a1ae8", size = 10378302, upload-time = "2026-04-09T14:06:14.361Z" },
    { url = "https://files.pythonhosted.org/packages/18/2f/e0b36a6f99c51bb89f3a30239bc7bf97e87a37ae80aa2d6542d6e5150364/ruff-0.15.10-py3-none-musllinux_1_2_i686.whl", hash = "sha256:e3e53c588164dc025b671c9df2462429d60357ea91af7e92e9d56c565a9f1b07", size = 10850074, upload-time = "2026-04-09T14:06:16.581Z" },
    { url = "https://files.pythonhosted.org/packages/11/08/874da392558ce087a0f9b709dc6ec0d60cbc694c1c772dab8d5f31efe8cb/ruff-0.15.10-py3-none-musllinux_1_2_x86_64.whl", hash = "sha256:b0c52744cf9f143a393e284125d2576140b68264a93c6716464e129a3e9adb48", size = 11358051, upload-time = "2026-04-09T14:06:18.948Z" },
    { url = "https://files.pythonhosted.org/packages/e4/46/602938f030adfa043e67112b73821024dc79f3ab4df5474c25fa4c1d2d14/ruff-0.15.10-py3-none-win32.whl", hash = "sha256:d4272e87e801e9a27a2e8df7b21011c909d9ddd82f4f3281d269b6ba19789ca5", size = 10588964, upload-time = "2026-04-09T14:06:07.14Z" },
    { url = "https://files.pythonhosted.org/packages/25/b6/261225b875d7a13b33a6d02508c39c28450b2041bb01d0f7f1a83d569512/ruff-0.15.10-py3-none-win_amd64.whl", hash = "sha256:28cb32d53203242d403d819fd6983152489b12e4a3ae44993543d6fe62ab42ed", size = 11745044, upload-time = "2026-04-09T14:05:39.473Z" },
    { url = "https://files.pythonhosted.org/packages/58/ed/dea90a65b7d9e69888890fb14c90d7f51bf0c1e82ad800aeb0160e4bacfd/ruff-0.15.10-py3-none-win_arm64.whl", hash = "sha256:601d1610a9e1f1c2165a4f561eeaa2e2ea1e97f3287c5aa258d3dab8b57c6188", size = 11035607, upload-time = "2026-04-09T14:05:47.593Z" },
]

[[package]]
name = "typing-extensions"
version = "4.15.0"
source = { registry = "https://pypi.org/simple" }
sdist = { url = "https://files.pythonhosted.org/packages/72/94/1a15dd82efb362ac84269196e94cf00f187f7ed21c242792a923cdb1c61f/typing_extensions-4.15.0.tar.gz", hash = "sha256:0cea48d173cc12fa28ecabc3b837ea3cf6f38c6d1136f85cbaaf598984861466", size = 109391, upload-time = "2025-08-25T13:49:26.313Z" }
wheels = [
    { url = "https://files.pythonhosted.org/packages/18/67/36e9267722cc04a6b9f15c7f3441c2363321a3ea07da7ae0c0707beb2a9c/typing_extensions-4.15.0-py3-none-any.whl", hash = "sha256:f0fa19c6845758ab08074a0cfa8b7aecb71c999ca73d62883bc25cc018c4e548", size = 44614, upload-time = "2025-08-25T13:49:24.86Z" },
]

[[package]]
name = "typing-inspection"
version = "0.4.2"
source = { registry = "https://pypi.org/simple" }
dependencies = [
    { name = "typing-extensions" },
]
sdist = { url = "https://files.pythonhosted.org/packages/55/e3/70399cb7dd41c10ac53367ae42139cf4b1ca5f36bb3dc6c9d33acdb43655/typing_inspection-0.4.2.tar.gz", hash = "sha256:ba561c48a67c5958007083d386c3295464928b01faa735ab8547c5692e87f464", size = 75949, upload-time = "2025-10-01T02:14:41.687Z" }
wheels = [
    { url = "https://files.pythonhosted.org/packages/dc/9b/47798a6c91d8bdb567fe2698fe81e0c6b7cb7ef4d13da4114b41d239f65d/typing_inspection-0.4.2-py3-none-any.whl", hash = "sha256:4ed1cacbdc298c220f1bd249ed5287caa16f34d44ef4e9c3d0cbad5b521545e7", size = 14611, upload-time = "2025-10-01T02:14:40.154Z" },
]

[[package]]
name = "urllib3"
version = "2.6.3"
source = { registry = "https://pypi.org/simple" }
sdist = { url = "https://files.pythonhosted.org/packages/c7/24/5f1b3bdffd70275f6661c76461e25f024d5a38a46f04aaca912426a2b1d3/urllib3-2.6.3.tar.gz", hash = "sha256:1b62b6884944a57dbe321509ab94fd4d3b307075e0c2eae991ac71ee15ad38ed", size = 435556, upload-time = "2026-01-07T16:24:43.925Z" }
wheels = [
    { url = "https://files.pythonhosted.org/packages/39/08/aaaad47bc4e9dc8c725e68f9d04865dbcb2052843ff09c97b08904852d84/urllib3-2.6.3-py3-none-any.whl", hash = "sha256:bf272323e553dfb2e87d9bfd225ca7b0f467b919d7bbd355436d3fd37cb0acd4", size = 131584, upload-time = "2026-01-07T16:24:42.685Z" },
]
